// !$*UTF8*$!
{
	archiveVersion = 1;
	classes = {
	};
	objectVersion = 46;
	objects = {

/* Begin PBXBuildFile section */
		07E37AFF56CCC0A25D4C8618 /* libPods-SkyDemo.a in Frameworks */ = {isa = PBXBuildFile; fileRef = DBC8FD88391130E08C7F4CC9 /* libPods-SkyDemo.a */; };
		BD071E9D1D5D675200F625B5 /* LocalAuthentication.framework in Frameworks */ = {isa = PBXBuildFile; fileRef = BD071E9C1D5D675200F625B5 /* LocalAuthentication.framework */; };
		BD071EF81D5D9D5C00F625B5 /* OMGToast.m in Sources */ = {isa = PBXBuildFile; fileRef = BD071EF71D5D9D5C00F625B5 /* OMGToast.m */; settings = {COMPILER_FLAGS = "-fno-objc-arc"; }; };
		BD0FC0571D6AD675008EE45D /* SearchViewController.m in Sources */ = {isa = PBXBuildFile; fileRef = BD0FC0561D6AD675008EE45D /* SearchViewController.m */; };
		BD0FC05A1D6AD680008EE45D /* DropSearchViewController.m in Sources */ = {isa = PBXBuildFile; fileRef = BD0FC0591D6AD680008EE45D /* DropSearchViewController.m */; };
		BD0FC05C1D6AD6A4008EE45D /* Search.storyboard in Resources */ = {isa = PBXBuildFile; fileRef = BD0FC05B1D6AD6A4008EE45D /* Search.storyboard */; };
		BD151EDD1D476C6400F2DAE1 /* AffineTransformController.m in Sources */ = {isa = PBXBuildFile; fileRef = BD151E9D1D476C6400F2DAE1 /* AffineTransformController.m */; };
		BD151EDE1D476C6400F2DAE1 /* BaseAnimationController.m in Sources */ = {isa = PBXBuildFile; fileRef = BD151E9F1D476C6400F2DAE1 /* BaseAnimationController.m */; };
		BD151EDF1D476C6400F2DAE1 /* BaseViewController.m in Sources */ = {isa = PBXBuildFile; fileRef = BD151EA11D476C6400F2DAE1 /* BaseViewController.m */; };
		BD151EE01D476C6400F2DAE1 /* ComprehensiveCaseController.m in Sources */ = {isa = PBXBuildFile; fileRef = BD151EA31D476C6400F2DAE1 /* ComprehensiveCaseController.m */; };
		BD151EE11D476C6400F2DAE1 /* GroupAnimationController.m in Sources */ = {isa = PBXBuildFile; fileRef = BD151EA51D476C6400F2DAE1 /* GroupAnimationController.m */; };
		BD151EE21D476C6400F2DAE1 /* KeyFrameAnimationController.m in Sources */ = {isa = PBXBuildFile; fileRef = BD151EA71D476C6400F2DAE1 /* KeyFrameAnimationController.m */; };
		BD151EE31D476C6400F2DAE1 /* TransitionAnimationController.m in Sources */ = {isa = PBXBuildFile; fileRef = BD151EA91D476C6400F2DAE1 /* TransitionAnimationController.m */; };
		BD151EE41D476C6400F2DAE1 /* TitleButton.m in Sources */ = {isa = PBXBuildFile; fileRef = BD151EAC1D476C6400F2DAE1 /* TitleButton.m */; };
		BD151EE51D476C6400F2DAE1 /* DCPathButton.m in Sources */ = {isa = PBXBuildFile; fileRef = BD151EAF1D476C6400F2DAE1 /* DCPathButton.m */; };
		BD151EE61D476C6400F2DAE1 /* DCPathCenterButton.m in Sources */ = {isa = PBXBuildFile; fileRef = BD151EB11D476C6400F2DAE1 /* DCPathCenterButton.m */; };
		BD151EE71D476C6400F2DAE1 /* DCPathItemButton.m in Sources */ = {isa = PBXBuildFile; fileRef = BD151EB31D476C6400F2DAE1 /* DCPathItemButton.m */; };
		BD151EE81D476C6400F2DAE1 /* DWBubbleMenuButton.m in Sources */ = {isa = PBXBuildFile; fileRef = BD151EB61D476C6400F2DAE1 /* DWBubbleMenuButton.m */; };
		BD151EE91D476C6400F2DAE1 /* chooser-button-input-highlighted@2x.png in Resources */ = {isa = PBXBuildFile; fileRef = BD151EB81D476C6400F2DAE1 /* chooser-button-input-highlighted@2x.png */; };
		BD151EEA1D476C6400F2DAE1 /* chooser-button-input@2x.png in Resources */ = {isa = PBXBuildFile; fileRef = BD151EB91D476C6400F2DAE1 /* chooser-button-input@2x.png */; };
		BD151EEB1D476C6400F2DAE1 /* chooser-button-tab-highlighted@2x.png in Resources */ = {isa = PBXBuildFile; fileRef = BD151EBA1D476C6400F2DAE1 /* chooser-button-tab-highlighted@2x.png */; };
		BD151EEC1D476C6400F2DAE1 /* chooser-button-tab@2x.png in Resources */ = {isa = PBXBuildFile; fileRef = BD151EBB1D476C6400F2DAE1 /* chooser-button-tab@2x.png */; };
		BD151EED1D476C6400F2DAE1 /* chooser-moment-button-highlighted@2x.png in Resources */ = {isa = PBXBuildFile; fileRef = BD151EBC1D476C6400F2DAE1 /* chooser-moment-button-highlighted@2x.png */; };
		BD151EEE1D476C6400F2DAE1 /* chooser-moment-button@2x.png in Resources */ = {isa = PBXBuildFile; fileRef = BD151EBD1D476C6400F2DAE1 /* chooser-moment-button@2x.png */; };
		BD151EEF1D476C6400F2DAE1 /* chooser-moment-icon-camera-highlighted@2x.png in Resources */ = {isa = PBXBuildFile; fileRef = BD151EBE1D476C6400F2DAE1 /* chooser-moment-icon-camera-highlighted@2x.png */; };
		BD151EF01D476C6400F2DAE1 /* chooser-moment-icon-camera@2x.png in Resources */ = {isa = PBXBuildFile; fileRef = BD151EBF1D476C6400F2DAE1 /* chooser-moment-icon-camera@2x.png */; };
		BD151EF11D476C6400F2DAE1 /* chooser-moment-icon-music-highlighted@2x.png in Resources */ = {isa = PBXBuildFile; fileRef = BD151EC01D476C6400F2DAE1 /* chooser-moment-icon-music-highlighted@2x.png */; };
		BD151EF21D476C6400F2DAE1 /* chooser-moment-icon-music@2x.png in Resources */ = {isa = PBXBuildFile; fileRef = BD151EC11D476C6400F2DAE1 /* chooser-moment-icon-music@2x.png */; };
		BD151EF31D476C6400F2DAE1 /* chooser-moment-icon-place-highlighted@2x.png in Resources */ = {isa = PBXBuildFile; fileRef = BD151EC21D476C6400F2DAE1 /* chooser-moment-icon-place-highlighted@2x.png */; };
		BD151EF41D476C6400F2DAE1 /* chooser-moment-icon-place@2x.png in Resources */ = {isa = PBXBuildFile; fileRef = BD151EC31D476C6400F2DAE1 /* chooser-moment-icon-place@2x.png */; };
		BD151EF51D476C6400F2DAE1 /* chooser-moment-icon-sleep-highlighted@2x.png in Resources */ = {isa = PBXBuildFile; fileRef = BD151EC41D476C6400F2DAE1 /* chooser-moment-icon-sleep-highlighted@2x.png */; };
		BD151EF61D476C6400F2DAE1 /* chooser-moment-icon-sleep@2x.png in Resources */ = {isa = PBXBuildFile; fileRef = BD151EC51D476C6400F2DAE1 /* chooser-moment-icon-sleep@2x.png */; };
		BD151EF71D476C6400F2DAE1 /* chooser-moment-icon-thought-highlighted@2x.png in Resources */ = {isa = PBXBuildFile; fileRef = BD151EC61D476C6400F2DAE1 /* chooser-moment-icon-thought-highlighted@2x.png */; };
		BD151EF81D476C6400F2DAE1 /* chooser-moment-icon-thought@2x.png in Resources */ = {isa = PBXBuildFile; fileRef = BD151EC71D476C6400F2DAE1 /* chooser-moment-icon-thought@2x.png */; };
		BD151EF91D476C6400F2DAE1 /* Like-Blue@2x.png in Resources */ = {isa = PBXBuildFile; fileRef = BD151EC81D476C6400F2DAE1 /* Like-Blue@2x.png */; };
		BD151EFA1D476C6400F2DAE1 /* Like@2x.png in Resources */ = {isa = PBXBuildFile; fileRef = BD151EC91D476C6400F2DAE1 /* Like@2x.png */; };
		BD151EFB1D476C6400F2DAE1 /* Sparkle.png in Resources */ = {isa = PBXBuildFile; fileRef = BD151ECA1D476C6400F2DAE1 /* Sparkle.png */; };
		BD151EFC1D476C6400F2DAE1 /* LeftViewController.m in Sources */ = {isa = PBXBuildFile; fileRef = BD151ECD1D476C6400F2DAE1 /* LeftViewController.m */; };
		BD151EFD1D476C6400F2DAE1 /* MCFireworksButton.m in Sources */ = {isa = PBXBuildFile; fileRef = BD151ED01D476C6400F2DAE1 /* MCFireworksButton.m */; };
		BD151EFE1D476C6400F2DAE1 /* MCFireworksView.m in Sources */ = {isa = PBXBuildFile; fileRef = BD151ED21D476C6400F2DAE1 /* MCFireworksView.m */; };
		BD151EFF1D476C6400F2DAE1 /* RightViewController.m in Sources */ = {isa = PBXBuildFile; fileRef = BD151ED51D476C6400F2DAE1 /* RightViewController.m */; };
		BD151F001D476C6400F2DAE1 /* bloom.caf in Resources */ = {isa = PBXBuildFile; fileRef = BD151ED71D476C6400F2DAE1 /* bloom.caf */; };
		BD151F011D476C6400F2DAE1 /* fold.caf in Resources */ = {isa = PBXBuildFile; fileRef = BD151ED81D476C6400F2DAE1 /* fold.caf */; };
		BD151F021D476C6400F2DAE1 /* selected.caf in Resources */ = {isa = PBXBuildFile; fileRef = BD151ED91D476C6400F2DAE1 /* selected.caf */; };
		BD151F031D476C6400F2DAE1 /* SWRevealViewController.m in Sources */ = {isa = PBXBuildFile; fileRef = BD151EDC1D476C6400F2DAE1 /* SWRevealViewController.m */; };
		BD26B0B91D3DD0C400AB4164 /* HomePageVC.m in Sources */ = {isa = PBXBuildFile; fileRef = BD26B0B81D3DD0C400AB4164 /* HomePageVC.m */; };
		BD26B0BC1D3DD0E000AB4164 /* UserCenterVC.m in Sources */ = {isa = PBXBuildFile; fileRef = BD26B0BB1D3DD0E000AB4164 /* UserCenterVC.m */; };
		BD26B0BF1D3DD21B00AB4164 /* RootNavigationBar.m in Sources */ = {isa = PBXBuildFile; fileRef = BD26B0BE1D3DD21B00AB4164 /* RootNavigationBar.m */; };
		BD4C93121D41BD9000AD1359 /* BannerWebVC.m in Sources */ = {isa = PBXBuildFile; fileRef = BD4C93111D41BD9000AD1359 /* BannerWebVC.m */; };
		BD4C93151D41BDA300AD1359 /* RootWebViewController.m in Sources */ = {isa = PBXBuildFile; fileRef = BD4C93141D41BDA300AD1359 /* RootWebViewController.m */; };
		BD4C93181D41C3E700AD1359 /* PictureLictVC.m in Sources */ = {isa = PBXBuildFile; fileRef = BD4C93171D41C3E700AD1359 /* PictureLictVC.m */; };
		BD4F87DC1D64371800016392 /* Sky_HttpRequest.m in Sources */ = {isa = PBXBuildFile; fileRef = BD4F87DB1D64371800016392 /* Sky_HttpRequest.m */; };
		BD4F87DF1D6442F900016392 /* MovieListCell.m in Sources */ = {isa = PBXBuildFile; fileRef = BD4F87DE1D6442F900016392 /* MovieListCell.m */; };
		BD4F87E21D64475200016392 /* MovieModel.m in Sources */ = {isa = PBXBuildFile; fileRef = BD4F87E11D64475200016392 /* MovieModel.m */; };
		BD4F87F31D645C3E00016392 /* BlurImageView.m in Sources */ = {isa = PBXBuildFile; fileRef = BD4F87E81D645C3E00016392 /* BlurImageView.m */; };
		BD4F87F41D645C3E00016392 /* ContentScrollView.m in Sources */ = {isa = PBXBuildFile; fileRef = BD4F87EA1D645C3E00016392 /* ContentScrollView.m */; };
		BD4F87F51D645C3E00016392 /* ContentView.m in Sources */ = {isa = PBXBuildFile; fileRef = BD4F87EC1D645C3E00016392 /* ContentView.m */; };
		BD4F87F61D645C3E00016392 /* CustomView.m in Sources */ = {isa = PBXBuildFile; fileRef = BD4F87EE1D645C3E00016392 /* CustomView.m */; };
		BD4F87F71D645C3E00016392 /* ImageContentView.m in Sources */ = {isa = PBXBuildFile; fileRef = BD4F87F01D645C3E00016392 /* ImageContentView.m */; };
		BD4F87F81D645C3E00016392 /* rilegouleView.m in Sources */ = {isa = PBXBuildFile; fileRef = BD4F87F21D645C3E00016392 /* rilegouleView.m */; };
		BD4F87FB1D64621E00016392 /* ShowMovieViewController.m in Sources */ = {isa = PBXBuildFile; fileRef = BD4F87FA1D64621E00016392 /* ShowMovieViewController.m */; };
		BD5247E81E83C53B00FE69E2 /* CustomButtonVC.m in Sources */ = {isa = PBXBuildFile; fileRef = BD5247E71E83C53B00FE69E2 /* CustomButtonVC.m */; };
		BD68F0591D485B37000B77D7 /* HyPopMenuView.m in Sources */ = {isa = PBXBuildFile; fileRef = BD68F0511D485B37000B77D7 /* HyPopMenuView.m */; };
		BD68F05A1D485B37000B77D7 /* PopMenuButton.m in Sources */ = {isa = PBXBuildFile; fileRef = BD68F0541D485B37000B77D7 /* PopMenuButton.m */; };
		BD68F05B1D485B37000B77D7 /* PopMenuModel.m in Sources */ = {isa = PBXBuildFile; fileRef = BD68F0561D485B37000B77D7 /* PopMenuModel.m */; };
		BD68F05C1D485B37000B77D7 /* UIColor+ImageGetColor.m in Sources */ = {isa = PBXBuildFile; fileRef = BD68F0581D485B37000B77D7 /* UIColor+ImageGetColor.m */; };
		BD68F0601D485C5F000B77D7 /* PopViewController.m in Sources */ = {isa = PBXBuildFile; fileRef = BD68F05F1D485C5F000B77D7 /* PopViewController.m */; };
		BD8786941D6D2DA80097AE80 /* 1.png in Resources */ = {isa = PBXBuildFile; fileRef = BD87868F1D6D2DA80097AE80 /* 1.png */; };
		BD8786951D6D2DA80097AE80 /* 2.png in Resources */ = {isa = PBXBuildFile; fileRef = BD8786901D6D2DA80097AE80 /* 2.png */; };
		BD8786961D6D2DA80097AE80 /* 3.png in Resources */ = {isa = PBXBuildFile; fileRef = BD8786911D6D2DA80097AE80 /* 3.png */; };
		BD8786971D6D2DA80097AE80 /* 4.png in Resources */ = {isa = PBXBuildFile; fileRef = BD8786921D6D2DA80097AE80 /* 4.png */; };
		BD8786981D6D2DA80097AE80 /* 5.png in Resources */ = {isa = PBXBuildFile; fileRef = BD8786931D6D2DA80097AE80 /* 5.png */; };
		BD8B23C81D3DCEFE007A8211 /* RootTabBarController.m in Sources */ = {isa = PBXBuildFile; fileRef = BD8B23C31D3DCEFE007A8211 /* RootTabBarController.m */; };
		BD8B23C91D3DCEFE007A8211 /* RootTableViewController.m in Sources */ = {isa = PBXBuildFile; fileRef = BD8B23C51D3DCEFE007A8211 /* RootTableViewController.m */; };
		BD8B23CA1D3DCEFE007A8211 /* RootViewController.m in Sources */ = {isa = PBXBuildFile; fileRef = BD8B23C71D3DCEFE007A8211 /* RootViewController.m */; };
		BD8B23CD1D3DCF34007A8211 /* AppDelegate+SkyAppDelegate.m in Sources */ = {isa = PBXBuildFile; fileRef = BD8B23CC1D3DCF34007A8211 /* AppDelegate+SkyAppDelegate.m */; };
		BD8ED77B1D532562005A20D5 /* SkyTabBarVC.m in Sources */ = {isa = PBXBuildFile; fileRef = BD8ED77A1D532562005A20D5 /* SkyTabBarVC.m */; };
		BD8ED77E1D532618005A20D5 /* SkyTabBarButton.m in Sources */ = {isa = PBXBuildFile; fileRef = BD8ED77D1D532618005A20D5 /* SkyTabBarButton.m */; };
		BD9E252D1D3DB467006C9FD5 /* SkyDemo.entitlements in Resources */ = {isa = PBXBuildFile; fileRef = BD9E252C1D3DB467006C9FD5 /* SkyDemo.entitlements */; };
		BDABB5CE1D49DB60002E1B43 /* ShopListViewController.m in Sources */ = {isa = PBXBuildFile; fileRef = BDABB5CD1D49DB60002E1B43 /* ShopListViewController.m */; };
		BDAE49721D3CBA6F00689048 /* main.m in Sources */ = {isa = PBXBuildFile; fileRef = BDAE49711D3CBA6F00689048 /* main.m */; };
		BDAE49751D3CBA6F00689048 /* AppDelegate.m in Sources */ = {isa = PBXBuildFile; fileRef = BDAE49741D3CBA6F00689048 /* AppDelegate.m */; };
		BDAE497B1D3CBA6F00689048 /* Main.storyboard in Resources */ = {isa = PBXBuildFile; fileRef = BDAE49791D3CBA6F00689048 /* Main.storyboard */; };
		BDAE497D1D3CBA6F00689048 /* Assets.xcassets in Resources */ = {isa = PBXBuildFile; fileRef = BDAE497C1D3CBA6F00689048 /* Assets.xcassets */; };
		BDAE49801D3CBA6F00689048 /* LaunchScreen.storyboard in Resources */ = {isa = PBXBuildFile; fileRef = BDAE497E1D3CBA6F00689048 /* LaunchScreen.storyboard */; };
		BDC157441D45B007003FBBC0 /* PointsViewController.m in Sources */ = {isa = PBXBuildFile; fileRef = BDC157431D45B007003FBBC0 /* PointsViewController.m */; };
		BDC15D401D4611F5003FBBC0 /* PhotoAnimationVC.m in Sources */ = {isa = PBXBuildFile; fileRef = BDC15D3F1D4611F5003FBBC0 /* PhotoAnimationVC.m */; };
		BDC15D431D470285003FBBC0 /* bg.png in Resources */ = {isa = PBXBuildFile; fileRef = BDC15D421D470285003FBBC0 /* bg.png */; };
		BDC15D451D4730DE003FBBC0 /* avatar.png in Resources */ = {isa = PBXBuildFile; fileRef = BDC15D441D4730DE003FBBC0 /* avatar.png */; };
		BDC15D4A1D47385F003FBBC0 /* UIView+Extra.m in Sources */ = {isa = PBXBuildFile; fileRef = BDC15D491D47385F003FBBC0 /* UIView+Extra.m */; };
		BDED5DBC1D5437C7008FC522 /* HBannerItem.m in Sources */ = {isa = PBXBuildFile; fileRef = BDED5DB91D5437C7008FC522 /* HBannerItem.m */; };
		BDED5DBD1D5437C7008FC522 /* HBannerView.m in Sources */ = {isa = PBXBuildFile; fileRef = BDED5DBB1D5437C7008FC522 /* HBannerView.m */; };
		BDED5DC31D54380A008FC522 /* NSObject+NewBeeNotification.m in Sources */ = {isa = PBXBuildFile; fileRef = BDED5DC01D54380A008FC522 /* NSObject+NewBeeNotification.m */; };
		BDED5DC41D54380A008FC522 /* NSObject+PerformBlock.m in Sources */ = {isa = PBXBuildFile; fileRef = BDED5DC21D54380A008FC522 /* NSObject+PerformBlock.m */; };
		BDED5DC71D546914008FC522 /* ShopListCell.m in Sources */ = {isa = PBXBuildFile; fileRef = BDED5DC61D546914008FC522 /* ShopListCell.m */; };
		BDEFC3A91D61B5BA00BCBEC9 /* CustomAlertView.m in Sources */ = {isa = PBXBuildFile; fileRef = BDEFC3A81D61B5BA00BCBEC9 /* CustomAlertView.m */; };
		BDFCE98A1D6D83340016107B /* UIImageView+Extra.m in Sources */ = {isa = PBXBuildFile; fileRef = BDFCE9891D6D83340016107B /* UIImageView+Extra.m */; };
/* End PBXBuildFile section */

/* Begin PBXContainerItemProxy section */
		BDAE49871D3CBA6F00689048 /* PBXContainerItemProxy */ = {
			isa = PBXContainerItemProxy;
			containerPortal = BDAE49651D3CBA6F00689048 /* Project object */;
			proxyType = 1;
			remoteGlobalIDString = BDAE496C1D3CBA6F00689048;
			remoteInfo = SkyDemo;
		};
		BDAE49921D3CBA6F00689048 /* PBXContainerItemProxy */ = {
			isa = PBXContainerItemProxy;
			containerPortal = BDAE49651D3CBA6F00689048 /* Project object */;
			proxyType = 1;
			remoteGlobalIDString = BDAE496C1D3CBA6F00689048;
			remoteInfo = SkyDemo;
		};
/* End PBXContainerItemProxy section */

/* Begin PBXFileReference section */
		6E5CF5DC18839B3B39B45A93 /* Pods-SkyDemo.release.xcconfig */ = {isa = PBXFileReference; includeInIndex = 1; lastKnownFileType = text.xcconfig; name = "Pods-SkyDemo.release.xcconfig"; path = "Pods/Target Support Files/Pods-SkyDemo/Pods-SkyDemo.release.xcconfig"; sourceTree = "<group>"; };
		97AD886BA21C3657F0BCDED1 /* Pods-SkyDemo.debug.xcconfig */ = {isa = PBXFileReference; includeInIndex = 1; lastKnownFileType = text.xcconfig; name = "Pods-SkyDemo.debug.xcconfig"; path = "Pods/Target Support Files/Pods-SkyDemo/Pods-SkyDemo.debug.xcconfig"; sourceTree = "<group>"; };
		BD071E9C1D5D675200F625B5 /* LocalAuthentication.framework */ = {isa = PBXFileReference; lastKnownFileType = wrapper.framework; name = LocalAuthentication.framework; path = System/Library/Frameworks/LocalAuthentication.framework; sourceTree = SDKROOT; };
		BD071EF61D5D9D5C00F625B5 /* OMGToast.h */ = {isa = PBXFileReference; fileEncoding = 4; lastKnownFileType = sourcecode.c.h; path = OMGToast.h; sourceTree = "<group>"; };
		BD071EF71D5D9D5C00F625B5 /* OMGToast.m */ = {isa = PBXFileReference; fileEncoding = 4; lastKnownFileType = sourcecode.c.objc; path = OMGToast.m; sourceTree = "<group>"; };
		BD0FC0551D6AD675008EE45D /* SearchViewController.h */ = {isa = PBXFileReference; fileEncoding = 4; lastKnownFileType = sourcecode.c.h; path = SearchViewController.h; sourceTree = "<group>"; };
		BD0FC0561D6AD675008EE45D /* SearchViewController.m */ = {isa = PBXFileReference; fileEncoding = 4; lastKnownFileType = sourcecode.c.objc; path = SearchViewController.m; sourceTree = "<group>"; };
		BD0FC0581D6AD680008EE45D /* DropSearchViewController.h */ = {isa = PBXFileReference; fileEncoding = 4; lastKnownFileType = sourcecode.c.h; path = DropSearchViewController.h; sourceTree = "<group>"; };
		BD0FC0591D6AD680008EE45D /* DropSearchViewController.m */ = {isa = PBXFileReference; fileEncoding = 4; lastKnownFileType = sourcecode.c.objc; path = DropSearchViewController.m; sourceTree = "<group>"; };
		BD0FC05B1D6AD6A4008EE45D /* Search.storyboard */ = {isa = PBXFileReference; fileEncoding = 4; lastKnownFileType = file.storyboard; path = Search.storyboard; sourceTree = "<group>"; };
		BD151E9C1D476C6400F2DAE1 /* AffineTransformController.h */ = {isa = PBXFileReference; fileEncoding = 4; lastKnownFileType = sourcecode.c.h; path = AffineTransformController.h; sourceTree = "<group>"; };
		BD151E9D1D476C6400F2DAE1 /* AffineTransformController.m */ = {isa = PBXFileReference; fileEncoding = 4; lastKnownFileType = sourcecode.c.objc; path = AffineTransformController.m; sourceTree = "<group>"; };
		BD151E9E1D476C6400F2DAE1 /* BaseAnimationController.h */ = {isa = PBXFileReference; fileEncoding = 4; lastKnownFileType = sourcecode.c.h; path = BaseAnimationController.h; sourceTree = "<group>"; };
		BD151E9F1D476C6400F2DAE1 /* BaseAnimationController.m */ = {isa = PBXFileReference; fileEncoding = 4; lastKnownFileType = sourcecode.c.objc; path = BaseAnimationController.m; sourceTree = "<group>"; };
		BD151EA01D476C6400F2DAE1 /* BaseViewController.h */ = {isa = PBXFileReference; fileEncoding = 4; lastKnownFileType = sourcecode.c.h; path = BaseViewController.h; sourceTree = "<group>"; };
		BD151EA11D476C6400F2DAE1 /* BaseViewController.m */ = {isa = PBXFileReference; fileEncoding = 4; lastKnownFileType = sourcecode.c.objc; path = BaseViewController.m; sourceTree = "<group>"; };
		BD151EA21D476C6400F2DAE1 /* ComprehensiveCaseController.h */ = {isa = PBXFileReference; fileEncoding = 4; lastKnownFileType = sourcecode.c.h; path = ComprehensiveCaseController.h; sourceTree = "<group>"; };
		BD151EA31D476C6400F2DAE1 /* ComprehensiveCaseController.m */ = {isa = PBXFileReference; fileEncoding = 4; lastKnownFileType = sourcecode.c.objc; path = ComprehensiveCaseController.m; sourceTree = "<group>"; };
		BD151EA41D476C6400F2DAE1 /* GroupAnimationController.h */ = {isa = PBXFileReference; fileEncoding = 4; lastKnownFileType = sourcecode.c.h; path = GroupAnimationController.h; sourceTree = "<group>"; };
		BD151EA51D476C6400F2DAE1 /* GroupAnimationController.m */ = {isa = PBXFileReference; fileEncoding = 4; lastKnownFileType = sourcecode.c.objc; path = GroupAnimationController.m; sourceTree = "<group>"; };
		BD151EA61D476C6400F2DAE1 /* KeyFrameAnimationController.h */ = {isa = PBXFileReference; fileEncoding = 4; lastKnownFileType = sourcecode.c.h; path = KeyFrameAnimationController.h; sourceTree = "<group>"; };
		BD151EA71D476C6400F2DAE1 /* KeyFrameAnimationController.m */ = {isa = PBXFileReference; fileEncoding = 4; lastKnownFileType = sourcecode.c.objc; path = KeyFrameAnimationController.m; sourceTree = "<group>"; };
		BD151EA81D476C6400F2DAE1 /* TransitionAnimationController.h */ = {isa = PBXFileReference; fileEncoding = 4; lastKnownFileType = sourcecode.c.h; path = TransitionAnimationController.h; sourceTree = "<group>"; };
		BD151EA91D476C6400F2DAE1 /* TransitionAnimationController.m */ = {isa = PBXFileReference; fileEncoding = 4; lastKnownFileType = sourcecode.c.objc; path = TransitionAnimationController.m; sourceTree = "<group>"; };
		BD151EAB1D476C6400F2DAE1 /* TitleButton.h */ = {isa = PBXFileReference; fileEncoding = 4; lastKnownFileType = sourcecode.c.h; path = TitleButton.h; sourceTree = "<group>"; };
		BD151EAC1D476C6400F2DAE1 /* TitleButton.m */ = {isa = PBXFileReference; fileEncoding = 4; lastKnownFileType = sourcecode.c.objc; path = TitleButton.m; sourceTree = "<group>"; };
		BD151EAE1D476C6400F2DAE1 /* DCPathButton.h */ = {isa = PBXFileReference; fileEncoding = 4; lastKnownFileType = sourcecode.c.h; path = DCPathButton.h; sourceTree = "<group>"; };
		BD151EAF1D476C6400F2DAE1 /* DCPathButton.m */ = {isa = PBXFileReference; fileEncoding = 4; lastKnownFileType = sourcecode.c.objc; path = DCPathButton.m; sourceTree = "<group>"; };
		BD151EB01D476C6400F2DAE1 /* DCPathCenterButton.h */ = {isa = PBXFileReference; fileEncoding = 4; lastKnownFileType = sourcecode.c.h; path = DCPathCenterButton.h; sourceTree = "<group>"; };
		BD151EB11D476C6400F2DAE1 /* DCPathCenterButton.m */ = {isa = PBXFileReference; fileEncoding = 4; lastKnownFileType = sourcecode.c.objc; path = DCPathCenterButton.m; sourceTree = "<group>"; };
		BD151EB21D476C6400F2DAE1 /* DCPathItemButton.h */ = {isa = PBXFileReference; fileEncoding = 4; lastKnownFileType = sourcecode.c.h; path = DCPathItemButton.h; sourceTree = "<group>"; };
		BD151EB31D476C6400F2DAE1 /* DCPathItemButton.m */ = {isa = PBXFileReference; fileEncoding = 4; lastKnownFileType = sourcecode.c.objc; path = DCPathItemButton.m; sourceTree = "<group>"; };
		BD151EB51D476C6400F2DAE1 /* DWBubbleMenuButton.h */ = {isa = PBXFileReference; fileEncoding = 4; lastKnownFileType = sourcecode.c.h; path = DWBubbleMenuButton.h; sourceTree = "<group>"; };
		BD151EB61D476C6400F2DAE1 /* DWBubbleMenuButton.m */ = {isa = PBXFileReference; fileEncoding = 4; lastKnownFileType = sourcecode.c.objc; path = DWBubbleMenuButton.m; sourceTree = "<group>"; };
		BD151EB81D476C6400F2DAE1 /* chooser-button-input-highlighted@2x.png */ = {isa = PBXFileReference; lastKnownFileType = image.png; path = "chooser-button-input-highlighted@2x.png"; sourceTree = "<group>"; };
		BD151EB91D476C6400F2DAE1 /* chooser-button-input@2x.png */ = {isa = PBXFileReference; lastKnownFileType = image.png; path = "chooser-button-input@2x.png"; sourceTree = "<group>"; };
		BD151EBA1D476C6400F2DAE1 /* chooser-button-tab-highlighted@2x.png */ = {isa = PBXFileReference; lastKnownFileType = image.png; path = "chooser-button-tab-highlighted@2x.png"; sourceTree = "<group>"; };
		BD151EBB1D476C6400F2DAE1 /* chooser-button-tab@2x.png */ = {isa = PBXFileReference; lastKnownFileType = image.png; path = "chooser-button-tab@2x.png"; sourceTree = "<group>"; };
		BD151EBC1D476C6400F2DAE1 /* chooser-moment-button-highlighted@2x.png */ = {isa = PBXFileReference; lastKnownFileType = image.png; path = "chooser-moment-button-highlighted@2x.png"; sourceTree = "<group>"; };
		BD151EBD1D476C6400F2DAE1 /* chooser-moment-button@2x.png */ = {isa = PBXFileReference; lastKnownFileType = image.png; path = "chooser-moment-button@2x.png"; sourceTree = "<group>"; };
		BD151EBE1D476C6400F2DAE1 /* chooser-moment-icon-camera-highlighted@2x.png */ = {isa = PBXFileReference; lastKnownFileType = image.png; path = "chooser-moment-icon-camera-highlighted@2x.png"; sourceTree = "<group>"; };
		BD151EBF1D476C6400F2DAE1 /* chooser-moment-icon-camera@2x.png */ = {isa = PBXFileReference; lastKnownFileType = image.png; path = "chooser-moment-icon-camera@2x.png"; sourceTree = "<group>"; };
		BD151EC01D476C6400F2DAE1 /* chooser-moment-icon-music-highlighted@2x.png */ = {isa = PBXFileReference; lastKnownFileType = image.png; path = "chooser-moment-icon-music-highlighted@2x.png"; sourceTree = "<group>"; };
		BD151EC11D476C6400F2DAE1 /* chooser-moment-icon-music@2x.png */ = {isa = PBXFileReference; lastKnownFileType = image.png; path = "chooser-moment-icon-music@2x.png"; sourceTree = "<group>"; };
		BD151EC21D476C6400F2DAE1 /* chooser-moment-icon-place-highlighted@2x.png */ = {isa = PBXFileReference; lastKnownFileType = image.png; path = "chooser-moment-icon-place-highlighted@2x.png"; sourceTree = "<group>"; };
		BD151EC31D476C6400F2DAE1 /* chooser-moment-icon-place@2x.png */ = {isa = PBXFileReference; lastKnownFileType = image.png; path = "chooser-moment-icon-place@2x.png"; sourceTree = "<group>"; };
		BD151EC41D476C6400F2DAE1 /* chooser-moment-icon-sleep-highlighted@2x.png */ = {isa = PBXFileReference; lastKnownFileType = image.png; path = "chooser-moment-icon-sleep-highlighted@2x.png"; sourceTree = "<group>"; };
		BD151EC51D476C6400F2DAE1 /* chooser-moment-icon-sleep@2x.png */ = {isa = PBXFileReference; lastKnownFileType = image.png; path = "chooser-moment-icon-sleep@2x.png"; sourceTree = "<group>"; };
		BD151EC61D476C6400F2DAE1 /* chooser-moment-icon-thought-highlighted@2x.png */ = {isa = PBXFileReference; lastKnownFileType = image.png; path = "chooser-moment-icon-thought-highlighted@2x.png"; sourceTree = "<group>"; };
		BD151EC71D476C6400F2DAE1 /* chooser-moment-icon-thought@2x.png */ = {isa = PBXFileReference; lastKnownFileType = image.png; path = "chooser-moment-icon-thought@2x.png"; sourceTree = "<group>"; };
		BD151EC81D476C6400F2DAE1 /* Like-Blue@2x.png */ = {isa = PBXFileReference; lastKnownFileType = image.png; path = "Like-Blue@2x.png"; sourceTree = "<group>"; };
		BD151EC91D476C6400F2DAE1 /* Like@2x.png */ = {isa = PBXFileReference; lastKnownFileType = image.png; path = "Like@2x.png"; sourceTree = "<group>"; };
		BD151ECA1D476C6400F2DAE1 /* Sparkle.png */ = {isa = PBXFileReference; lastKnownFileType = image.png; path = Sparkle.png; sourceTree = "<group>"; };
		BD151ECC1D476C6400F2DAE1 /* LeftViewController.h */ = {isa = PBXFileReference; fileEncoding = 4; lastKnownFileType = sourcecode.c.h; path = LeftViewController.h; sourceTree = "<group>"; };
		BD151ECD1D476C6400F2DAE1 /* LeftViewController.m */ = {isa = PBXFileReference; fileEncoding = 4; lastKnownFileType = sourcecode.c.objc; path = LeftViewController.m; sourceTree = "<group>"; };
		BD151ECF1D476C6400F2DAE1 /* MCFireworksButton.h */ = {isa = PBXFileReference; fileEncoding = 4; lastKnownFileType = sourcecode.c.h; path = MCFireworksButton.h; sourceTree = "<group>"; };
		BD151ED01D476C6400F2DAE1 /* MCFireworksButton.m */ = {isa = PBXFileReference; fileEncoding = 4; lastKnownFileType = sourcecode.c.objc; path = MCFireworksButton.m; sourceTree = "<group>"; };
		BD151ED11D476C6400F2DAE1 /* MCFireworksView.h */ = {isa = PBXFileReference; fileEncoding = 4; lastKnownFileType = sourcecode.c.h; path = MCFireworksView.h; sourceTree = "<group>"; };
		BD151ED21D476C6400F2DAE1 /* MCFireworksView.m */ = {isa = PBXFileReference; fileEncoding = 4; lastKnownFileType = sourcecode.c.objc; path = MCFireworksView.m; sourceTree = "<group>"; };
		BD151ED41D476C6400F2DAE1 /* RightViewController.h */ = {isa = PBXFileReference; fileEncoding = 4; lastKnownFileType = sourcecode.c.h; path = RightViewController.h; sourceTree = "<group>"; };
		BD151ED51D476C6400F2DAE1 /* RightViewController.m */ = {isa = PBXFileReference; fileEncoding = 4; lastKnownFileType = sourcecode.c.objc; path = RightViewController.m; sourceTree = "<group>"; };
		BD151ED71D476C6400F2DAE1 /* bloom.caf */ = {isa = PBXFileReference; lastKnownFileType = file; path = bloom.caf; sourceTree = "<group>"; };
		BD151ED81D476C6400F2DAE1 /* fold.caf */ = {isa = PBXFileReference; lastKnownFileType = file; path = fold.caf; sourceTree = "<group>"; };
		BD151ED91D476C6400F2DAE1 /* selected.caf */ = {isa = PBXFileReference; lastKnownFileType = file; path = selected.caf; sourceTree = "<group>"; };
		BD151EDB1D476C6400F2DAE1 /* SWRevealViewController.h */ = {isa = PBXFileReference; fileEncoding = 4; lastKnownFileType = sourcecode.c.h; path = SWRevealViewController.h; sourceTree = "<group>"; };
		BD151EDC1D476C6400F2DAE1 /* SWRevealViewController.m */ = {isa = PBXFileReference; fileEncoding = 4; lastKnownFileType = sourcecode.c.objc; path = SWRevealViewController.m; sourceTree = "<group>"; };
		BD26B0B71D3DD0C400AB4164 /* HomePageVC.h */ = {isa = PBXFileReference; fileEncoding = 4; lastKnownFileType = sourcecode.c.h; path = HomePageVC.h; sourceTree = "<group>"; };
		BD26B0B81D3DD0C400AB4164 /* HomePageVC.m */ = {isa = PBXFileReference; fileEncoding = 4; lastKnownFileType = sourcecode.c.objc; path = HomePageVC.m; sourceTree = "<group>"; };
		BD26B0BA1D3DD0E000AB4164 /* UserCenterVC.h */ = {isa = PBXFileReference; fileEncoding = 4; lastKnownFileType = sourcecode.c.h; path = UserCenterVC.h; sourceTree = "<group>"; };
		BD26B0BB1D3DD0E000AB4164 /* UserCenterVC.m */ = {isa = PBXFileReference; fileEncoding = 4; lastKnownFileType = sourcecode.c.objc; path = UserCenterVC.m; sourceTree = "<group>"; };
		BD26B0BD1D3DD21B00AB4164 /* RootNavigationBar.h */ = {isa = PBXFileReference; fileEncoding = 4; lastKnownFileType = sourcecode.c.h; path = RootNavigationBar.h; sourceTree = "<group>"; };
		BD26B0BE1D3DD21B00AB4164 /* RootNavigationBar.m */ = {isa = PBXFileReference; fileEncoding = 4; lastKnownFileType = sourcecode.c.objc; path = RootNavigationBar.m; sourceTree = "<group>"; };
		BD4C93101D41BD9000AD1359 /* BannerWebVC.h */ = {isa = PBXFileReference; fileEncoding = 4; lastKnownFileType = sourcecode.c.h; path = BannerWebVC.h; sourceTree = "<group>"; };
		BD4C93111D41BD9000AD1359 /* BannerWebVC.m */ = {isa = PBXFileReference; fileEncoding = 4; lastKnownFileType = sourcecode.c.objc; path = BannerWebVC.m; sourceTree = "<group>"; };
		BD4C93131D41BDA300AD1359 /* RootWebViewController.h */ = {isa = PBXFileReference; fileEncoding = 4; lastKnownFileType = sourcecode.c.h; path = RootWebViewController.h; sourceTree = "<group>"; };
		BD4C93141D41BDA300AD1359 /* RootWebViewController.m */ = {isa = PBXFileReference; fileEncoding = 4; lastKnownFileType = sourcecode.c.objc; path = RootWebViewController.m; sourceTree = "<group>"; };
		BD4C93161D41C3E700AD1359 /* PictureLictVC.h */ = {isa = PBXFileReference; fileEncoding = 4; lastKnownFileType = sourcecode.c.h; path = PictureLictVC.h; sourceTree = "<group>"; };
		BD4C93171D41C3E700AD1359 /* PictureLictVC.m */ = {isa = PBXFileReference; fileEncoding = 4; lastKnownFileType = sourcecode.c.objc; path = PictureLictVC.m; sourceTree = "<group>"; };
		BD4F87DA1D64371800016392 /* Sky_HttpRequest.h */ = {isa = PBXFileReference; fileEncoding = 4; lastKnownFileType = sourcecode.c.h; path = Sky_HttpRequest.h; sourceTree = "<group>"; };
		BD4F87DB1D64371800016392 /* Sky_HttpRequest.m */ = {isa = PBXFileReference; fileEncoding = 4; lastKnownFileType = sourcecode.c.objc; path = Sky_HttpRequest.m; sourceTree = "<group>"; };
		BD4F87DD1D6442F900016392 /* MovieListCell.h */ = {isa = PBXFileReference; fileEncoding = 4; lastKnownFileType = sourcecode.c.h; path = MovieListCell.h; sourceTree = "<group>"; };
		BD4F87DE1D6442F900016392 /* MovieListCell.m */ = {isa = PBXFileReference; fileEncoding = 4; lastKnownFileType = sourcecode.c.objc; path = MovieListCell.m; sourceTree = "<group>"; };
		BD4F87E01D64475200016392 /* MovieModel.h */ = {isa = PBXFileReference; fileEncoding = 4; lastKnownFileType = sourcecode.c.h; path = MovieModel.h; sourceTree = "<group>"; };
		BD4F87E11D64475200016392 /* MovieModel.m */ = {isa = PBXFileReference; fileEncoding = 4; lastKnownFileType = sourcecode.c.objc; path = MovieModel.m; sourceTree = "<group>"; };
		BD4F87E71D645C3E00016392 /* BlurImageView.h */ = {isa = PBXFileReference; fileEncoding = 4; lastKnownFileType = sourcecode.c.h; path = BlurImageView.h; sourceTree = "<group>"; };
		BD4F87E81D645C3E00016392 /* BlurImageView.m */ = {isa = PBXFileReference; fileEncoding = 4; lastKnownFileType = sourcecode.c.objc; path = BlurImageView.m; sourceTree = "<group>"; };
		BD4F87E91D645C3E00016392 /* ContentScrollView.h */ = {isa = PBXFileReference; fileEncoding = 4; lastKnownFileType = sourcecode.c.h; path = ContentScrollView.h; sourceTree = "<group>"; };
		BD4F87EA1D645C3E00016392 /* ContentScrollView.m */ = {isa = PBXFileReference; fileEncoding = 4; lastKnownFileType = sourcecode.c.objc; path = ContentScrollView.m; sourceTree = "<group>"; };
		BD4F87EB1D645C3E00016392 /* ContentView.h */ = {isa = PBXFileReference; fileEncoding = 4; lastKnownFileType = sourcecode.c.h; path = ContentView.h; sourceTree = "<group>"; };
		BD4F87EC1D645C3E00016392 /* ContentView.m */ = {isa = PBXFileReference; fileEncoding = 4; lastKnownFileType = sourcecode.c.objc; path = ContentView.m; sourceTree = "<group>"; };
		BD4F87ED1D645C3E00016392 /* CustomView.h */ = {isa = PBXFileReference; fileEncoding = 4; lastKnownFileType = sourcecode.c.h; path = CustomView.h; sourceTree = "<group>"; };
		BD4F87EE1D645C3E00016392 /* CustomView.m */ = {isa = PBXFileReference; fileEncoding = 4; lastKnownFileType = sourcecode.c.objc; path = CustomView.m; sourceTree = "<group>"; };
		BD4F87EF1D645C3E00016392 /* ImageContentView.h */ = {isa = PBXFileReference; fileEncoding = 4; lastKnownFileType = sourcecode.c.h; path = ImageContentView.h; sourceTree = "<group>"; };
		BD4F87F01D645C3E00016392 /* ImageContentView.m */ = {isa = PBXFileReference; fileEncoding = 4; lastKnownFileType = sourcecode.c.objc; path = ImageContentView.m; sourceTree = "<group>"; };
		BD4F87F11D645C3E00016392 /* rilegouleView.h */ = {isa = PBXFileReference; fileEncoding = 4; lastKnownFileType = sourcecode.c.h; path = rilegouleView.h; sourceTree = "<group>"; };
		BD4F87F21D645C3E00016392 /* rilegouleView.m */ = {isa = PBXFileReference; fileEncoding = 4; lastKnownFileType = sourcecode.c.objc; path = rilegouleView.m; sourceTree = "<group>"; };
		BD4F87F91D64621E00016392 /* ShowMovieViewController.h */ = {isa = PBXFileReference; fileEncoding = 4; lastKnownFileType = sourcecode.c.h; path = ShowMovieViewController.h; sourceTree = "<group>"; };
		BD4F87FA1D64621E00016392 /* ShowMovieViewController.m */ = {isa = PBXFileReference; fileEncoding = 4; lastKnownFileType = sourcecode.c.objc; path = ShowMovieViewController.m; sourceTree = "<group>"; };
		BD5247E61E83C53B00FE69E2 /* CustomButtonVC.h */ = {isa = PBXFileReference; fileEncoding = 4; lastKnownFileType = sourcecode.c.h; path = CustomButtonVC.h; sourceTree = "<group>"; };
		BD5247E71E83C53B00FE69E2 /* CustomButtonVC.m */ = {isa = PBXFileReference; fileEncoding = 4; lastKnownFileType = sourcecode.c.objc; path = CustomButtonVC.m; sourceTree = "<group>"; };
		BD68F0501D485B37000B77D7 /* HyPopMenuView.h */ = {isa = PBXFileReference; fileEncoding = 4; lastKnownFileType = sourcecode.c.h; path = HyPopMenuView.h; sourceTree = "<group>"; };
		BD68F0511D485B37000B77D7 /* HyPopMenuView.m */ = {isa = PBXFileReference; fileEncoding = 4; lastKnownFileType = sourcecode.c.objc; path = HyPopMenuView.m; sourceTree = "<group>"; };
		BD68F0521D485B37000B77D7 /* HyPopMenuViewDelegate.h */ = {isa = PBXFileReference; fileEncoding = 4; lastKnownFileType = sourcecode.c.h; path = HyPopMenuViewDelegate.h; sourceTree = "<group>"; };
		BD68F0531D485B37000B77D7 /* PopMenuButton.h */ = {isa = PBXFileReference; fileEncoding = 4; lastKnownFileType = sourcecode.c.h; path = PopMenuButton.h; sourceTree = "<group>"; };
		BD68F0541D485B37000B77D7 /* PopMenuButton.m */ = {isa = PBXFileReference; fileEncoding = 4; lastKnownFileType = sourcecode.c.objc; path = PopMenuButton.m; sourceTree = "<group>"; };
		BD68F0551D485B37000B77D7 /* PopMenuModel.h */ = {isa = PBXFileReference; fileEncoding = 4; lastKnownFileType = sourcecode.c.h; path = PopMenuModel.h; sourceTree = "<group>"; };
		BD68F0561D485B37000B77D7 /* PopMenuModel.m */ = {isa = PBXFileReference; fileEncoding = 4; lastKnownFileType = sourcecode.c.objc; path = PopMenuModel.m; sourceTree = "<group>"; };
		BD68F0571D485B37000B77D7 /* UIColor+ImageGetColor.h */ = {isa = PBXFileReference; fileEncoding = 4; lastKnownFileType = sourcecode.c.h; path = "UIColor+ImageGetColor.h"; sourceTree = "<group>"; };
		BD68F0581D485B37000B77D7 /* UIColor+ImageGetColor.m */ = {isa = PBXFileReference; fileEncoding = 4; lastKnownFileType = sourcecode.c.objc; path = "UIColor+ImageGetColor.m"; sourceTree = "<group>"; };
		BD68F05E1D485C5F000B77D7 /* PopViewController.h */ = {isa = PBXFileReference; fileEncoding = 4; lastKnownFileType = sourcecode.c.h; path = PopViewController.h; sourceTree = "<group>"; };
		BD68F05F1D485C5F000B77D7 /* PopViewController.m */ = {isa = PBXFileReference; fileEncoding = 4; lastKnownFileType = sourcecode.c.objc; path = PopViewController.m; sourceTree = "<group>"; };
		BD87868F1D6D2DA80097AE80 /* 1.png */ = {isa = PBXFileReference; lastKnownFileType = image.png; path = 1.png; sourceTree = "<group>"; };
		BD8786901D6D2DA80097AE80 /* 2.png */ = {isa = PBXFileReference; lastKnownFileType = image.png; path = 2.png; sourceTree = "<group>"; };
		BD8786911D6D2DA80097AE80 /* 3.png */ = {isa = PBXFileReference; lastKnownFileType = image.png; path = 3.png; sourceTree = "<group>"; };
		BD8786921D6D2DA80097AE80 /* 4.png */ = {isa = PBXFileReference; lastKnownFileType = image.png; path = 4.png; sourceTree = "<group>"; };
		BD8786931D6D2DA80097AE80 /* 5.png */ = {isa = PBXFileReference; lastKnownFileType = image.png; path = 5.png; sourceTree = "<group>"; };
		BD8B23BF1D3DC13B007A8211 /* PrefixHeader.pch */ = {isa = PBXFileReference; fileEncoding = 4; lastKnownFileType = sourcecode.c.h; path = PrefixHeader.pch; sourceTree = "<group>"; };
		BD8B23C01D3DC13B007A8211 /* PreHeader.h */ = {isa = PBXFileReference; fileEncoding = 4; lastKnownFileType = sourcecode.c.h; path = PreHeader.h; sourceTree = "<group>"; };
		BD8B23C21D3DCEFE007A8211 /* RootTabBarController.h */ = {isa = PBXFileReference; fileEncoding = 4; lastKnownFileType = sourcecode.c.h; path = RootTabBarController.h; sourceTree = "<group>"; };
		BD8B23C31D3DCEFE007A8211 /* RootTabBarController.m */ = {isa = PBXFileReference; fileEncoding = 4; lastKnownFileType = sourcecode.c.objc; path = RootTabBarController.m; sourceTree = "<group>"; };
		BD8B23C41D3DCEFE007A8211 /* RootTableViewController.h */ = {isa = PBXFileReference; fileEncoding = 4; lastKnownFileType = sourcecode.c.h; path = RootTableViewController.h; sourceTree = "<group>"; };
		BD8B23C51D3DCEFE007A8211 /* RootTableViewController.m */ = {isa = PBXFileReference; fileEncoding = 4; lastKnownFileType = sourcecode.c.objc; path = RootTableViewController.m; sourceTree = "<group>"; };
		BD8B23C61D3DCEFE007A8211 /* RootViewController.h */ = {isa = PBXFileReference; fileEncoding = 4; lastKnownFileType = sourcecode.c.h; path = RootViewController.h; sourceTree = "<group>"; };
		BD8B23C71D3DCEFE007A8211 /* RootViewController.m */ = {isa = PBXFileReference; fileEncoding = 4; lastKnownFileType = sourcecode.c.objc; path = RootViewController.m; sourceTree = "<group>"; };
		BD8B23CB1D3DCF34007A8211 /* AppDelegate+SkyAppDelegate.h */ = {isa = PBXFileReference; fileEncoding = 4; lastKnownFileType = sourcecode.c.h; path = "AppDelegate+SkyAppDelegate.h"; sourceTree = "<group>"; };
		BD8B23CC1D3DCF34007A8211 /* AppDelegate+SkyAppDelegate.m */ = {isa = PBXFileReference; fileEncoding = 4; lastKnownFileType = sourcecode.c.objc; path = "AppDelegate+SkyAppDelegate.m"; sourceTree = "<group>"; };
		BD8ED7791D532562005A20D5 /* SkyTabBarVC.h */ = {isa = PBXFileReference; fileEncoding = 4; lastKnownFileType = sourcecode.c.h; path = SkyTabBarVC.h; sourceTree = "<group>"; };
		BD8ED77A1D532562005A20D5 /* SkyTabBarVC.m */ = {isa = PBXFileReference; fileEncoding = 4; lastKnownFileType = sourcecode.c.objc; path = SkyTabBarVC.m; sourceTree = "<group>"; };
		BD8ED77C1D532618005A20D5 /* SkyTabBarButton.h */ = {isa = PBXFileReference; fileEncoding = 4; lastKnownFileType = sourcecode.c.h; path = SkyTabBarButton.h; sourceTree = "<group>"; };
		BD8ED77D1D532618005A20D5 /* SkyTabBarButton.m */ = {isa = PBXFileReference; fileEncoding = 4; lastKnownFileType = sourcecode.c.objc; path = SkyTabBarButton.m; sourceTree = "<group>"; };
		BD9E252C1D3DB467006C9FD5 /* SkyDemo.entitlements */ = {isa = PBXFileReference; fileEncoding = 4; lastKnownFileType = text.xml; path = SkyDemo.entitlements; sourceTree = "<group>"; };
		BDABB5CC1D49DB60002E1B43 /* ShopListViewController.h */ = {isa = PBXFileReference; fileEncoding = 4; lastKnownFileType = sourcecode.c.h; path = ShopListViewController.h; sourceTree = "<group>"; };
		BDABB5CD1D49DB60002E1B43 /* ShopListViewController.m */ = {isa = PBXFileReference; fileEncoding = 4; lastKnownFileType = sourcecode.c.objc; path = ShopListViewController.m; sourceTree = "<group>"; };
		BDAE496D1D3CBA6F00689048 /* SkyDemo.app */ = {isa = PBXFileReference; explicitFileType = wrapper.application; includeInIndex = 0; path = SkyDemo.app; sourceTree = BUILT_PRODUCTS_DIR; };
		BDAE49711D3CBA6F00689048 /* main.m */ = {isa = PBXFileReference; lastKnownFileType = sourcecode.c.objc; path = main.m; sourceTree = "<group>"; };
		BDAE49731D3CBA6F00689048 /* AppDelegate.h */ = {isa = PBXFileReference; lastKnownFileType = sourcecode.c.h; path = AppDelegate.h; sourceTree = "<group>"; };
		BDAE49741D3CBA6F00689048 /* AppDelegate.m */ = {isa = PBXFileReference; lastKnownFileType = sourcecode.c.objc; path = AppDelegate.m; sourceTree = "<group>"; };
		BDAE497A1D3CBA6F00689048 /* Base */ = {isa = PBXFileReference; lastKnownFileType = file.storyboard; name = Base; path = Base.lproj/Main.storyboard; sourceTree = "<group>"; };
		BDAE497C1D3CBA6F00689048 /* Assets.xcassets */ = {isa = PBXFileReference; lastKnownFileType = folder.assetcatalog; path = Assets.xcassets; sourceTree = "<group>"; };
		BDAE497F1D3CBA6F00689048 /* Base */ = {isa = PBXFileReference; lastKnownFileType = file.storyboard; name = Base; path = Base.lproj/LaunchScreen.storyboard; sourceTree = "<group>"; };
		BDAE49811D3CBA6F00689048 /* Info.plist */ = {isa = PBXFileReference; lastKnownFileType = text.plist.xml; path = Info.plist; sourceTree = "<group>"; };
		BDAE49861D3CBA6F00689048 /* SkyDemoTests.xctest */ = {isa = PBXFileReference; explicitFileType = wrapper.cfbundle; includeInIndex = 0; path = SkyDemoTests.xctest; sourceTree = BUILT_PRODUCTS_DIR; };
		BDAE49911D3CBA6F00689048 /* SkyDemoUITests.xctest */ = {isa = PBXFileReference; explicitFileType = wrapper.cfbundle; includeInIndex = 0; path = SkyDemoUITests.xctest; sourceTree = BUILT_PRODUCTS_DIR; };
		BDC157421D45B007003FBBC0 /* PointsViewController.h */ = {isa = PBXFileReference; fileEncoding = 4; lastKnownFileType = sourcecode.c.h; path = PointsViewController.h; sourceTree = "<group>"; };
		BDC157431D45B007003FBBC0 /* PointsViewController.m */ = {isa = PBXFileReference; fileEncoding = 4; lastKnownFileType = sourcecode.c.objc; path = PointsViewController.m; sourceTree = "<group>"; };
		BDC15D3E1D4611F5003FBBC0 /* PhotoAnimationVC.h */ = {isa = PBXFileReference; fileEncoding = 4; lastKnownFileType = sourcecode.c.h; path = PhotoAnimationVC.h; sourceTree = "<group>"; };
		BDC15D3F1D4611F5003FBBC0 /* PhotoAnimationVC.m */ = {isa = PBXFileReference; fileEncoding = 4; lastKnownFileType = sourcecode.c.objc; path = PhotoAnimationVC.m; sourceTree = "<group>"; };
		BDC15D421D470285003FBBC0 /* bg.png */ = {isa = PBXFileReference; lastKnownFileType = image.png; path = bg.png; sourceTree = "<group>"; };
		BDC15D441D4730DE003FBBC0 /* avatar.png */ = {isa = PBXFileReference; lastKnownFileType = image.png; path = avatar.png; sourceTree = "<group>"; };
		BDC15D481D47385F003FBBC0 /* UIView+Extra.h */ = {isa = PBXFileReference; fileEncoding = 4; lastKnownFileType = sourcecode.c.h; path = "UIView+Extra.h"; sourceTree = "<group>"; };
		BDC15D491D47385F003FBBC0 /* UIView+Extra.m */ = {isa = PBXFileReference; fileEncoding = 4; lastKnownFileType = sourcecode.c.objc; path = "UIView+Extra.m"; sourceTree = "<group>"; };
		BDED5DB81D5437C7008FC522 /* HBannerItem.h */ = {isa = PBXFileReference; fileEncoding = 4; lastKnownFileType = sourcecode.c.h; path = HBannerItem.h; sourceTree = "<group>"; };
		BDED5DB91D5437C7008FC522 /* HBannerItem.m */ = {isa = PBXFileReference; fileEncoding = 4; lastKnownFileType = sourcecode.c.objc; path = HBannerItem.m; sourceTree = "<group>"; };
		BDED5DBA1D5437C7008FC522 /* HBannerView.h */ = {isa = PBXFileReference; fileEncoding = 4; lastKnownFileType = sourcecode.c.h; path = HBannerView.h; sourceTree = "<group>"; };
		BDED5DBB1D5437C7008FC522 /* HBannerView.m */ = {isa = PBXFileReference; fileEncoding = 4; lastKnownFileType = sourcecode.c.objc; path = HBannerView.m; sourceTree = "<group>"; };
		BDED5DBF1D54380A008FC522 /* NSObject+NewBeeNotification.h */ = {isa = PBXFileReference; fileEncoding = 4; lastKnownFileType = sourcecode.c.h; path = "NSObject+NewBeeNotification.h"; sourceTree = "<group>"; };
		BDED5DC01D54380A008FC522 /* NSObject+NewBeeNotification.m */ = {isa = PBXFileReference; fileEncoding = 4; lastKnownFileType = sourcecode.c.objc; path = "NSObject+NewBeeNotification.m"; sourceTree = "<group>"; };
		BDED5DC11D54380A008FC522 /* NSObject+PerformBlock.h */ = {isa = PBXFileReference; fileEncoding = 4; lastKnownFileType = sourcecode.c.h; path = "NSObject+PerformBlock.h"; sourceTree = "<group>"; };
		BDED5DC21D54380A008FC522 /* NSObject+PerformBlock.m */ = {isa = PBXFileReference; fileEncoding = 4; lastKnownFileType = sourcecode.c.objc; path = "NSObject+PerformBlock.m"; sourceTree = "<group>"; };
		BDED5DC51D546914008FC522 /* ShopListCell.h */ = {isa = PBXFileReference; fileEncoding = 4; lastKnownFileType = sourcecode.c.h; path = ShopListCell.h; sourceTree = "<group>"; };
		BDED5DC61D546914008FC522 /* ShopListCell.m */ = {isa = PBXFileReference; fileEncoding = 4; lastKnownFileType = sourcecode.c.objc; path = ShopListCell.m; sourceTree = "<group>"; };
		BDEFC3A71D61B5BA00BCBEC9 /* CustomAlertView.h */ = {isa = PBXFileReference; fileEncoding = 4; lastKnownFileType = sourcecode.c.h; path = CustomAlertView.h; sourceTree = "<group>"; };
		BDEFC3A81D61B5BA00BCBEC9 /* CustomAlertView.m */ = {isa = PBXFileReference; fileEncoding = 4; lastKnownFileType = sourcecode.c.objc; path = CustomAlertView.m; sourceTree = "<group>"; };
		BDFCE9881D6D83340016107B /* UIImageView+Extra.h */ = {isa = PBXFileReference; fileEncoding = 4; lastKnownFileType = sourcecode.c.h; path = "UIImageView+Extra.h"; sourceTree = "<group>"; };
		BDFCE9891D6D83340016107B /* UIImageView+Extra.m */ = {isa = PBXFileReference; fileEncoding = 4; lastKnownFileType = sourcecode.c.objc; path = "UIImageView+Extra.m"; sourceTree = "<group>"; };
		DBC8FD88391130E08C7F4CC9 /* libPods-SkyDemo.a */ = {isa = PBXFileReference; explicitFileType = archive.ar; includeInIndex = 0; path = "libPods-SkyDemo.a"; sourceTree = BUILT_PRODUCTS_DIR; };
/* End PBXFileReference section */

/* Begin PBXFrameworksBuildPhase section */
		BDAE496A1D3CBA6F00689048 /* Frameworks */ = {
			isa = PBXFrameworksBuildPhase;
			buildActionMask = 2147483647;
			files = (
				BD071E9D1D5D675200F625B5 /* LocalAuthentication.framework in Frameworks */,
				07E37AFF56CCC0A25D4C8618 /* libPods-SkyDemo.a in Frameworks */,
			);
			runOnlyForDeploymentPostprocessing = 0;
		};
		BDAE49831D3CBA6F00689048 /* Frameworks */ = {
			isa = PBXFrameworksBuildPhase;
			buildActionMask = 2147483647;
			files = (
			);
			runOnlyForDeploymentPostprocessing = 0;
		};
		BDAE498E1D3CBA6F00689048 /* Frameworks */ = {
			isa = PBXFrameworksBuildPhase;
			buildActionMask = 2147483647;
			files = (
			);
			runOnlyForDeploymentPostprocessing = 0;
		};
/* End PBXFrameworksBuildPhase section */

/* Begin PBXGroup section */
		8DA6946A3A11485108CBB4E8 /* Frameworks */ = {
			isa = PBXGroup;
			children = (
				BD071E9C1D5D675200F625B5 /* LocalAuthentication.framework */,
				DBC8FD88391130E08C7F4CC9 /* libPods-SkyDemo.a */,
			);
			name = Frameworks;
			sourceTree = "<group>";
		};
		B8D0A7F5A8E596B7B19C7F6B /* Pods */ = {
			isa = PBXGroup;
			children = (
				97AD886BA21C3657F0BCDED1 /* Pods-SkyDemo.debug.xcconfig */,
				6E5CF5DC18839B3B39B45A93 /* Pods-SkyDemo.release.xcconfig */,
			);
			name = Pods;
			sourceTree = "<group>";
		};
		BD071EF51D5D9A0000F625B5 /* OMGToast */ = {
			isa = PBXGroup;
			children = (
				BD071EF61D5D9D5C00F625B5 /* OMGToast.h */,
				BD071EF71D5D9D5C00F625B5 /* OMGToast.m */,
			);
			path = OMGToast;
			sourceTree = "<group>";
		};
		BD138F021D40999F00113676 /* PublicClass */ = {
			isa = PBXGroup;
			children = (
				BDEFC3A61D61B5A700BCBEC9 /* AlertView */,
				BD071EF51D5D9A0000F625B5 /* OMGToast */,
				BDED5DBE1D54380A008FC522 /* NSObject */,
				BDED5DB71D5437C7008FC522 /* banner */,
				BDC15D461D473826003FBBC0 /* Category */,
			);
			path = PublicClass;
			sourceTree = "<group>";
		};
		BD151E991D476C6400F2DAE1 /* AnimationList */ = {
			isa = PBXGroup;
			children = (
				BD151E9A1D476C6400F2DAE1 /* CenterPage */,
				BD151EAD1D476C6400F2DAE1 /* DCPathButton */,
				BD151EB41D476C6400F2DAE1 /* DWBubbleMenuButton */,
				BD151EB71D476C6400F2DAE1 /* image */,
				BD151ECB1D476C6400F2DAE1 /* LeftPage */,
				BD151ECE1D476C6400F2DAE1 /* MCFireworksButton */,
				BD151ED31D476C6400F2DAE1 /* RightPage */,
				BD151ED61D476C6400F2DAE1 /* Sounds */,
				BD151EDA1D476C6400F2DAE1 /* SWRevealViewController */,
			);
			path = AnimationList;
			sourceTree = "<group>";
		};
		BD151E9A1D476C6400F2DAE1 /* CenterPage */ = {
			isa = PBXGroup;
			children = (
				BD151E9B1D476C6400F2DAE1 /* Controller */,
				BD151EAA1D476C6400F2DAE1 /* View */,
			);
			path = CenterPage;
			sourceTree = "<group>";
		};
		BD151E9B1D476C6400F2DAE1 /* Controller */ = {
			isa = PBXGroup;
			children = (
				BD151E9C1D476C6400F2DAE1 /* AffineTransformController.h */,
				BD151E9D1D476C6400F2DAE1 /* AffineTransformController.m */,
				BD151E9E1D476C6400F2DAE1 /* BaseAnimationController.h */,
				BD151E9F1D476C6400F2DAE1 /* BaseAnimationController.m */,
				BD151EA01D476C6400F2DAE1 /* BaseViewController.h */,
				BD151EA11D476C6400F2DAE1 /* BaseViewController.m */,
				BD151EA21D476C6400F2DAE1 /* ComprehensiveCaseController.h */,
				BD151EA31D476C6400F2DAE1 /* ComprehensiveCaseController.m */,
				BD151EA41D476C6400F2DAE1 /* GroupAnimationController.h */,
				BD151EA51D476C6400F2DAE1 /* GroupAnimationController.m */,
				BD151EA61D476C6400F2DAE1 /* KeyFrameAnimationController.h */,
				BD151EA71D476C6400F2DAE1 /* KeyFrameAnimationController.m */,
				BD151EA81D476C6400F2DAE1 /* TransitionAnimationController.h */,
				BD151EA91D476C6400F2DAE1 /* TransitionAnimationController.m */,
			);
			path = Controller;
			sourceTree = "<group>";
		};
		BD151EAA1D476C6400F2DAE1 /* View */ = {
			isa = PBXGroup;
			children = (
				BD151EAB1D476C6400F2DAE1 /* TitleButton.h */,
				BD151EAC1D476C6400F2DAE1 /* TitleButton.m */,
			);
			path = View;
			sourceTree = "<group>";
		};
		BD151EAD1D476C6400F2DAE1 /* DCPathButton */ = {
			isa = PBXGroup;
			children = (
				BD151EAE1D476C6400F2DAE1 /* DCPathButton.h */,
				BD151EAF1D476C6400F2DAE1 /* DCPathButton.m */,
				BD151EB01D476C6400F2DAE1 /* DCPathCenterButton.h */,
				BD151EB11D476C6400F2DAE1 /* DCPathCenterButton.m */,
				BD151EB21D476C6400F2DAE1 /* DCPathItemButton.h */,
				BD151EB31D476C6400F2DAE1 /* DCPathItemButton.m */,
			);
			path = DCPathButton;
			sourceTree = "<group>";
		};
		BD151EB41D476C6400F2DAE1 /* DWBubbleMenuButton */ = {
			isa = PBXGroup;
			children = (
				BD151EB51D476C6400F2DAE1 /* DWBubbleMenuButton.h */,
				BD151EB61D476C6400F2DAE1 /* DWBubbleMenuButton.m */,
			);
			path = DWBubbleMenuButton;
			sourceTree = "<group>";
		};
		BD151EB71D476C6400F2DAE1 /* image */ = {
			isa = PBXGroup;
			children = (
				BD151EB81D476C6400F2DAE1 /* chooser-button-input-highlighted@2x.png */,
				BD151EB91D476C6400F2DAE1 /* chooser-button-input@2x.png */,
				BD151EBA1D476C6400F2DAE1 /* chooser-button-tab-highlighted@2x.png */,
				BD151EBB1D476C6400F2DAE1 /* chooser-button-tab@2x.png */,
				BD151EBC1D476C6400F2DAE1 /* chooser-moment-button-highlighted@2x.png */,
				BD151EBD1D476C6400F2DAE1 /* chooser-moment-button@2x.png */,
				BD151EBE1D476C6400F2DAE1 /* chooser-moment-icon-camera-highlighted@2x.png */,
				BD151EBF1D476C6400F2DAE1 /* chooser-moment-icon-camera@2x.png */,
				BD151EC01D476C6400F2DAE1 /* chooser-moment-icon-music-highlighted@2x.png */,
				BD151EC11D476C6400F2DAE1 /* chooser-moment-icon-music@2x.png */,
				BD151EC21D476C6400F2DAE1 /* chooser-moment-icon-place-highlighted@2x.png */,
				BD151EC31D476C6400F2DAE1 /* chooser-moment-icon-place@2x.png */,
				BD151EC41D476C6400F2DAE1 /* chooser-moment-icon-sleep-highlighted@2x.png */,
				BD151EC51D476C6400F2DAE1 /* chooser-moment-icon-sleep@2x.png */,
				BD151EC61D476C6400F2DAE1 /* chooser-moment-icon-thought-highlighted@2x.png */,
				BD151EC71D476C6400F2DAE1 /* chooser-moment-icon-thought@2x.png */,
				BD151EC81D476C6400F2DAE1 /* Like-Blue@2x.png */,
				BD151EC91D476C6400F2DAE1 /* Like@2x.png */,
				BD151ECA1D476C6400F2DAE1 /* Sparkle.png */,
			);
			path = image;
			sourceTree = "<group>";
		};
		BD151ECB1D476C6400F2DAE1 /* LeftPage */ = {
			isa = PBXGroup;
			children = (
				BD151ECC1D476C6400F2DAE1 /* LeftViewController.h */,
				BD151ECD1D476C6400F2DAE1 /* LeftViewController.m */,
			);
			path = LeftPage;
			sourceTree = "<group>";
		};
		BD151ECE1D476C6400F2DAE1 /* MCFireworksButton */ = {
			isa = PBXGroup;
			children = (
				BD151ECF1D476C6400F2DAE1 /* MCFireworksButton.h */,
				BD151ED01D476C6400F2DAE1 /* MCFireworksButton.m */,
				BD151ED11D476C6400F2DAE1 /* MCFireworksView.h */,
				BD151ED21D476C6400F2DAE1 /* MCFireworksView.m */,
			);
			path = MCFireworksButton;
			sourceTree = "<group>";
		};
		BD151ED31D476C6400F2DAE1 /* RightPage */ = {
			isa = PBXGroup;
			children = (
				BD151ED41D476C6400F2DAE1 /* RightViewController.h */,
				BD151ED51D476C6400F2DAE1 /* RightViewController.m */,
			);
			path = RightPage;
			sourceTree = "<group>";
		};
		BD151ED61D476C6400F2DAE1 /* Sounds */ = {
			isa = PBXGroup;
			children = (
				BD151ED71D476C6400F2DAE1 /* bloom.caf */,
				BD151ED81D476C6400F2DAE1 /* fold.caf */,
				BD151ED91D476C6400F2DAE1 /* selected.caf */,
			);
			path = Sounds;
			sourceTree = "<group>";
		};
		BD151EDA1D476C6400F2DAE1 /* SWRevealViewController */ = {
			isa = PBXGroup;
			children = (
				BD151EDB1D476C6400F2DAE1 /* SWRevealViewController.h */,
				BD151EDC1D476C6400F2DAE1 /* SWRevealViewController.m */,
			);
			path = SWRevealViewController;
			sourceTree = "<group>";
		};
		BD26B0B21D3DD09A00AB4164 /* HomePage */ = {
			isa = PBXGroup;
			children = (
				BD26B0B71D3DD0C400AB4164 /* HomePageVC.h */,
				BD26B0B81D3DD0C400AB4164 /* HomePageVC.m */,
				BD5247E61E83C53B00FE69E2 /* CustomButtonVC.h */,
				BD5247E71E83C53B00FE69E2 /* CustomButtonVC.m */,
				BD0FC0551D6AD675008EE45D /* SearchViewController.h */,
				BD0FC0561D6AD675008EE45D /* SearchViewController.m */,
				BD0FC0581D6AD680008EE45D /* DropSearchViewController.h */,
				BD0FC0591D6AD680008EE45D /* DropSearchViewController.m */,
				BD0FC05B1D6AD6A4008EE45D /* Search.storyboard */,
			);
			path = HomePage;
			sourceTree = "<group>";
		};
		BD26B0B31D3DD09A00AB4164 /* UserCenter */ = {
			isa = PBXGroup;
			children = (
				BD26B0BA1D3DD0E000AB4164 /* UserCenterVC.h */,
				BD26B0BB1D3DD0E000AB4164 /* UserCenterVC.m */,
			);
			path = UserCenter;
			sourceTree = "<group>";
		};
		BD4C930F1D41BD6800AD1359 /* BannerVC */ = {
			isa = PBXGroup;
			children = (
				BD4C93101D41BD9000AD1359 /* BannerWebVC.h */,
				BD4C93111D41BD9000AD1359 /* BannerWebVC.m */,
				BD4C93161D41C3E700AD1359 /* PictureLictVC.h */,
				BD4C93171D41C3E700AD1359 /* PictureLictVC.m */,
			);
			path = BannerVC;
			sourceTree = "<group>";
		};
		BD4F87D91D6436DF00016392 /* Sky_HttpRequest */ = {
			isa = PBXGroup;
			children = (
				BD4F87DA1D64371800016392 /* Sky_HttpRequest.h */,
				BD4F87DB1D64371800016392 /* Sky_HttpRequest.m */,
			);
			path = Sky_HttpRequest;
			sourceTree = "<group>";
		};
		BD4F87E61D645C3E00016392 /* ShowMovie */ = {
			isa = PBXGroup;
			children = (
				BD4F87E71D645C3E00016392 /* BlurImageView.h */,
				BD4F87E81D645C3E00016392 /* BlurImageView.m */,
				BD4F87E91D645C3E00016392 /* ContentScrollView.h */,
				BD4F87EA1D645C3E00016392 /* ContentScrollView.m */,
				BD4F87EB1D645C3E00016392 /* ContentView.h */,
				BD4F87EC1D645C3E00016392 /* ContentView.m */,
				BD4F87ED1D645C3E00016392 /* CustomView.h */,
				BD4F87EE1D645C3E00016392 /* CustomView.m */,
				BD4F87EF1D645C3E00016392 /* ImageContentView.h */,
				BD4F87F01D645C3E00016392 /* ImageContentView.m */,
				BD4F87F11D645C3E00016392 /* rilegouleView.h */,
				BD4F87F21D645C3E00016392 /* rilegouleView.m */,
			);
			path = ShowMovie;
			sourceTree = "<group>";
		};
		BD68F04F1D485B37000B77D7 /* HyPopMenu */ = {
			isa = PBXGroup;
			children = (
				BD68F0501D485B37000B77D7 /* HyPopMenuView.h */,
				BD68F0511D485B37000B77D7 /* HyPopMenuView.m */,
				BD68F0521D485B37000B77D7 /* HyPopMenuViewDelegate.h */,
				BD68F0531D485B37000B77D7 /* PopMenuButton.h */,
				BD68F0541D485B37000B77D7 /* PopMenuButton.m */,
				BD68F0551D485B37000B77D7 /* PopMenuModel.h */,
				BD68F0561D485B37000B77D7 /* PopMenuModel.m */,
				BD68F0571D485B37000B77D7 /* UIColor+ImageGetColor.h */,
				BD68F0581D485B37000B77D7 /* UIColor+ImageGetColor.m */,
			);
			path = HyPopMenu;
			sourceTree = "<group>";
		};
		BD68F05D1D485C48000B77D7 /* PopView */ = {
			isa = PBXGroup;
			children = (
				BD68F05E1D485C5F000B77D7 /* PopViewController.h */,
				BD68F05F1D485C5F000B77D7 /* PopViewController.m */,
			);
			path = PopView;
			sourceTree = "<group>";
		};
		BD68F0611D485EA8000B77D7 /* TabBar */ = {
			isa = PBXGroup;
			children = (
				BD8ED7791D532562005A20D5 /* SkyTabBarVC.h */,
				BD8ED77A1D532562005A20D5 /* SkyTabBarVC.m */,
				BD8ED77C1D532618005A20D5 /* SkyTabBarButton.h */,
				BD8ED77D1D532618005A20D5 /* SkyTabBarButton.m */,
			);
			path = TabBar;
			sourceTree = "<group>";
		};
		BD87868E1D6D2DA80097AE80 /* photo */ = {
			isa = PBXGroup;
			children = (
				BD87868F1D6D2DA80097AE80 /* 1.png */,
				BD8786901D6D2DA80097AE80 /* 2.png */,
				BD8786911D6D2DA80097AE80 /* 3.png */,
				BD8786921D6D2DA80097AE80 /* 4.png */,
				BD8786931D6D2DA80097AE80 /* 5.png */,
			);
			path = photo;
			sourceTree = "<group>";
		};
		BD8B23B81D3DC13B007A8211 /* Manager */ = {
			isa = PBXGroup;
			children = (
				BD4F87D91D6436DF00016392 /* Sky_HttpRequest */,
			);
			path = Manager;
			sourceTree = "<group>";
		};
		BD8B23BA1D3DC13B007A8211 /* OpenSource */ = {
			isa = PBXGroup;
			children = (
			);
			path = OpenSource;
			sourceTree = "<group>";
		};
		BD8B23BB1D3DC13B007A8211 /* Page */ = {
			isa = PBXGroup;
			children = (
				BDABB5CB1D49DB2D002E1B43 /* Other */,
				BD68F05D1D485C48000B77D7 /* PopView */,
				BDC157411D45AFF2003FBBC0 /* Points */,
				BD4C930F1D41BD6800AD1359 /* BannerVC */,
				BD26B0B21D3DD09A00AB4164 /* HomePage */,
				BD26B0B31D3DD09A00AB4164 /* UserCenter */,
			);
			path = Page;
			sourceTree = "<group>";
		};
		BD8B23BC1D3DC13B007A8211 /* Resources */ = {
			isa = PBXGroup;
			children = (
				BD87868E1D6D2DA80097AE80 /* photo */,
				BDC15D411D470285003FBBC0 /* image */,
			);
			path = Resources;
			sourceTree = "<group>";
		};
		BD8B23BD1D3DC13B007A8211 /* ThirdLibraries */ = {
			isa = PBXGroup;
			children = (
				BD68F04F1D485B37000B77D7 /* HyPopMenu */,
				BD151E991D476C6400F2DAE1 /* AnimationList */,
			);
			path = ThirdLibraries;
			sourceTree = "<group>";
		};
		BD8B23BE1D3DC13B007A8211 /* Utilities */ = {
			isa = PBXGroup;
			children = (
				BD8B23BF1D3DC13B007A8211 /* PrefixHeader.pch */,
				BD8B23C01D3DC13B007A8211 /* PreHeader.h */,
			);
			path = Utilities;
			sourceTree = "<group>";
		};
		BD8B23C11D3DCEFE007A8211 /* Root */ = {
			isa = PBXGroup;
			children = (
				BD68F0611D485EA8000B77D7 /* TabBar */,
				BD8B23C21D3DCEFE007A8211 /* RootTabBarController.h */,
				BD8B23C31D3DCEFE007A8211 /* RootTabBarController.m */,
				BD8B23C41D3DCEFE007A8211 /* RootTableViewController.h */,
				BD8B23C51D3DCEFE007A8211 /* RootTableViewController.m */,
				BD8B23C61D3DCEFE007A8211 /* RootViewController.h */,
				BD8B23C71D3DCEFE007A8211 /* RootViewController.m */,
				BD4C93131D41BDA300AD1359 /* RootWebViewController.h */,
				BD4C93141D41BDA300AD1359 /* RootWebViewController.m */,
				BD26B0BD1D3DD21B00AB4164 /* RootNavigationBar.h */,
				BD26B0BE1D3DD21B00AB4164 /* RootNavigationBar.m */,
			);
			path = Root;
			sourceTree = "<group>";
		};
		BDABB5CB1D49DB2D002E1B43 /* Other */ = {
			isa = PBXGroup;
			children = (
				BD4F87E61D645C3E00016392 /* ShowMovie */,
				BDABB5CC1D49DB60002E1B43 /* ShopListViewController.h */,
				BDABB5CD1D49DB60002E1B43 /* ShopListViewController.m */,
				BD4F87F91D64621E00016392 /* ShowMovieViewController.h */,
				BD4F87FA1D64621E00016392 /* ShowMovieViewController.m */,
				BDED5DC51D546914008FC522 /* ShopListCell.h */,
				BDED5DC61D546914008FC522 /* ShopListCell.m */,
				BD4F87DD1D6442F900016392 /* MovieListCell.h */,
				BD4F87DE1D6442F900016392 /* MovieListCell.m */,
				BD4F87E01D64475200016392 /* MovieModel.h */,
				BD4F87E11D64475200016392 /* MovieModel.m */,
			);
			path = Other;
			sourceTree = "<group>";
		};
		BDAE49641D3CBA6F00689048 = {
			isa = PBXGroup;
			children = (
				BDAE496F1D3CBA6F00689048 /* SkyDemo */,
				BDAE496E1D3CBA6F00689048 /* Products */,
				B8D0A7F5A8E596B7B19C7F6B /* Pods */,
				8DA6946A3A11485108CBB4E8 /* Frameworks */,
			);
			sourceTree = "<group>";
		};
		BDAE496E1D3CBA6F00689048 /* Products */ = {
			isa = PBXGroup;
			children = (
				BDAE496D1D3CBA6F00689048 /* SkyDemo.app */,
				BDAE49861D3CBA6F00689048 /* SkyDemoTests.xctest */,
				BDAE49911D3CBA6F00689048 /* SkyDemoUITests.xctest */,
			);
			name = Products;
			sourceTree = "<group>";
		};
		BDAE496F1D3CBA6F00689048 /* SkyDemo */ = {
			isa = PBXGroup;
			children = (
				BDAE49731D3CBA6F00689048 /* AppDelegate.h */,
				BDAE49741D3CBA6F00689048 /* AppDelegate.m */,
				BD8B23CB1D3DCF34007A8211 /* AppDelegate+SkyAppDelegate.h */,
				BD8B23CC1D3DCF34007A8211 /* AppDelegate+SkyAppDelegate.m */,
				BDAE49791D3CBA6F00689048 /* Main.storyboard */,
				BD9E252C1D3DB467006C9FD5 /* SkyDemo.entitlements */,
				BD138F021D40999F00113676 /* PublicClass */,
				BD8B23C11D3DCEFE007A8211 /* Root */,
				BD8B23B81D3DC13B007A8211 /* Manager */,
				BD8B23BA1D3DC13B007A8211 /* OpenSource */,
				BD8B23BB1D3DC13B007A8211 /* Page */,
				BD8B23BC1D3DC13B007A8211 /* Resources */,
				BD8B23BD1D3DC13B007A8211 /* ThirdLibraries */,
				BD8B23BE1D3DC13B007A8211 /* Utilities */,
				BDAE497C1D3CBA6F00689048 /* Assets.xcassets */,
				BDAE497E1D3CBA6F00689048 /* LaunchScreen.storyboard */,
				BDAE49811D3CBA6F00689048 /* Info.plist */,
				BDAE49701D3CBA6F00689048 /* Supporting Files */,
			);
			path = SkyDemo;
			sourceTree = "<group>";
		};
		BDAE49701D3CBA6F00689048 /* Supporting Files */ = {
			isa = PBXGroup;
			children = (
				BDAE49711D3CBA6F00689048 /* main.m */,
			);
			name = "Supporting Files";
			sourceTree = "<group>";
		};
		BDC157411D45AFF2003FBBC0 /* Points */ = {
			isa = PBXGroup;
			children = (
				BDC157421D45B007003FBBC0 /* PointsViewController.h */,
				BDC157431D45B007003FBBC0 /* PointsViewController.m */,
				BDC15D3E1D4611F5003FBBC0 /* PhotoAnimationVC.h */,
				BDC15D3F1D4611F5003FBBC0 /* PhotoAnimationVC.m */,
			);
			path = Points;
			sourceTree = "<group>";
		};
		BDC15D411D470285003FBBC0 /* image */ = {
			isa = PBXGroup;
			children = (
				BDC15D441D4730DE003FBBC0 /* avatar.png */,
				BDC15D421D470285003FBBC0 /* bg.png */,
			);
			path = image;
			sourceTree = "<group>";
		};
		BDC15D461D473826003FBBC0 /* Category */ = {
			isa = PBXGroup;
			children = (
				BDC15D481D47385F003FBBC0 /* UIView+Extra.h */,
				BDC15D491D47385F003FBBC0 /* UIView+Extra.m */,
				BDFCE9881D6D83340016107B /* UIImageView+Extra.h */,
				BDFCE9891D6D83340016107B /* UIImageView+Extra.m */,
			);
			path = Category;
			sourceTree = "<group>";
		};
		BDED5DB71D5437C7008FC522 /* banner */ = {
			isa = PBXGroup;
			children = (
				BDED5DB81D5437C7008FC522 /* HBannerItem.h */,
				BDED5DB91D5437C7008FC522 /* HBannerItem.m */,
				BDED5DBA1D5437C7008FC522 /* HBannerView.h */,
				BDED5DBB1D5437C7008FC522 /* HBannerView.m */,
			);
			path = banner;
			sourceTree = "<group>";
		};
		BDED5DBE1D54380A008FC522 /* NSObject */ = {
			isa = PBXGroup;
			children = (
				BDED5DBF1D54380A008FC522 /* NSObject+NewBeeNotification.h */,
				BDED5DC01D54380A008FC522 /* NSObject+NewBeeNotification.m */,
				BDED5DC11D54380A008FC522 /* NSObject+PerformBlock.h */,
				BDED5DC21D54380A008FC522 /* NSObject+PerformBlock.m */,
			);
			path = NSObject;
			sourceTree = "<group>";
		};
		BDEFC3A61D61B5A700BCBEC9 /* AlertView */ = {
			isa = PBXGroup;
			children = (
				BDEFC3A71D61B5BA00BCBEC9 /* CustomAlertView.h */,
				BDEFC3A81D61B5BA00BCBEC9 /* CustomAlertView.m */,
			);
			path = AlertView;
			sourceTree = "<group>";
		};
/* End PBXGroup section */

/* Begin PBXNativeTarget section */
		BDAE496C1D3CBA6F00689048 /* SkyDemo */ = {
			isa = PBXNativeTarget;
			buildConfigurationList = BDAE499A1D3CBA6F00689048 /* Build configuration list for PBXNativeTarget "SkyDemo" */;
			buildPhases = (
				8783EC1E4B6A55B62606B212 /* [CP] Check Pods Manifest.lock */,
				BDAE49691D3CBA6F00689048 /* Sources */,
				BDAE496A1D3CBA6F00689048 /* Frameworks */,
				BDAE496B1D3CBA6F00689048 /* Resources */,
				C09DD9099D78AE8A4425BDC8 /* [CP] Embed Pods Frameworks */,
				5C69E58BE40397C8451EF801 /* [CP] Copy Pods Resources */,
			);
			buildRules = (
			);
			dependencies = (
			);
			name = SkyDemo;
			productName = SkyDemo;
			productReference = BDAE496D1D3CBA6F00689048 /* SkyDemo.app */;
			productType = "com.apple.product-type.application";
		};
		BDAE49851D3CBA6F00689048 /* SkyDemoTests */ = {
			isa = PBXNativeTarget;
			buildConfigurationList = BDAE499D1D3CBA6F00689048 /* Build configuration list for PBXNativeTarget "SkyDemoTests" */;
			buildPhases = (
				BDAE49821D3CBA6F00689048 /* Sources */,
				BDAE49831D3CBA6F00689048 /* Frameworks */,
				BDAE49841D3CBA6F00689048 /* Resources */,
			);
			buildRules = (
			);
			dependencies = (
				BDAE49881D3CBA6F00689048 /* PBXTargetDependency */,
			);
			name = SkyDemoTests;
			productName = SkyDemoTests;
			productReference = BDAE49861D3CBA6F00689048 /* SkyDemoTests.xctest */;
			productType = "com.apple.product-type.bundle.unit-test";
		};
		BDAE49901D3CBA6F00689048 /* SkyDemoUITests */ = {
			isa = PBXNativeTarget;
			buildConfigurationList = BDAE49A01D3CBA6F00689048 /* Build configuration list for PBXNativeTarget "SkyDemoUITests" */;
			buildPhases = (
				BDAE498D1D3CBA6F00689048 /* Sources */,
				BDAE498E1D3CBA6F00689048 /* Frameworks */,
				BDAE498F1D3CBA6F00689048 /* Resources */,
			);
			buildRules = (
			);
			dependencies = (
				BDAE49931D3CBA6F00689048 /* PBXTargetDependency */,
			);
			name = SkyDemoUITests;
			productName = SkyDemoUITests;
			productReference = BDAE49911D3CBA6F00689048 /* SkyDemoUITests.xctest */;
			productType = "com.apple.product-type.bundle.ui-testing";
		};
/* End PBXNativeTarget section */

/* Begin PBXProject section */
		BDAE49651D3CBA6F00689048 /* Project object */ = {
			isa = PBXProject;
			attributes = {
				LastUpgradeCheck = 0730;
				ORGANIZATIONNAME = Sky;
				TargetAttributes = {
					BDAE496C1D3CBA6F00689048 = {
						CreatedOnToolsVersion = 7.3.1;
						DevelopmentTeam = 4GF4342QVQ;
						SystemCapabilities = {
							com.apple.OMC = {
								enabled = 0;
							};
						};
					};
					BDAE49851D3CBA6F00689048 = {
						CreatedOnToolsVersion = 7.3.1;
						TestTargetID = BDAE496C1D3CBA6F00689048;
					};
					BDAE49901D3CBA6F00689048 = {
						CreatedOnToolsVersion = 7.3.1;
						TestTargetID = BDAE496C1D3CBA6F00689048;
					};
				};
			};
			buildConfigurationList = BDAE49681D3CBA6F00689048 /* Build configuration list for PBXProject "SkyDemo" */;
			compatibilityVersion = "Xcode 3.2";
			developmentRegion = English;
			hasScannedForEncodings = 0;
			knownRegions = (
				en,
				Base,
			);
			mainGroup = BDAE49641D3CBA6F00689048;
			productRefGroup = BDAE496E1D3CBA6F00689048 /* Products */;
			projectDirPath = "";
			projectRoot = "";
			targets = (
				BDAE496C1D3CBA6F00689048 /* SkyDemo */,
				BDAE49851D3CBA6F00689048 /* SkyDemoTests */,
				BDAE49901D3CBA6F00689048 /* SkyDemoUITests */,
			);
		};
/* End PBXProject section */

/* Begin PBXResourcesBuildPhase section */
		BDAE496B1D3CBA6F00689048 /* Resources */ = {
			isa = PBXResourcesBuildPhase;
			buildActionMask = 2147483647;
			files = (
				BD8786971D6D2DA80097AE80 /* 4.png in Resources */,
				BD151F011D476C6400F2DAE1 /* fold.caf in Resources */,
				BD151EEB1D476C6400F2DAE1 /* chooser-button-tab-highlighted@2x.png in Resources */,
				BDC15D451D4730DE003FBBC0 /* avatar.png in Resources */,
				BD151EF21D476C6400F2DAE1 /* chooser-moment-icon-music@2x.png in Resources */,
				BD8786981D6D2DA80097AE80 /* 5.png in Resources */,
				BD151EEF1D476C6400F2DAE1 /* chooser-moment-icon-camera-highlighted@2x.png in Resources */,
				BD151EF51D476C6400F2DAE1 /* chooser-moment-icon-sleep-highlighted@2x.png in Resources */,
				BD151EF11D476C6400F2DAE1 /* chooser-moment-icon-music-highlighted@2x.png in Resources */,
				BD151EF61D476C6400F2DAE1 /* chooser-moment-icon-sleep@2x.png in Resources */,
				BD8786951D6D2DA80097AE80 /* 2.png in Resources */,
				BD151EFB1D476C6400F2DAE1 /* Sparkle.png in Resources */,
				BD8786941D6D2DA80097AE80 /* 1.png in Resources */,
				BD8786961D6D2DA80097AE80 /* 3.png in Resources */,
				BD151EEA1D476C6400F2DAE1 /* chooser-button-input@2x.png in Resources */,
				BD151EF01D476C6400F2DAE1 /* chooser-moment-icon-camera@2x.png in Resources */,
				BD151EF31D476C6400F2DAE1 /* chooser-moment-icon-place-highlighted@2x.png in Resources */,
				BDC15D431D470285003FBBC0 /* bg.png in Resources */,
				BD151F021D476C6400F2DAE1 /* selected.caf in Resources */,
				BDAE49801D3CBA6F00689048 /* LaunchScreen.storyboard in Resources */,
				BDAE497D1D3CBA6F00689048 /* Assets.xcassets in Resources */,
				BD151F001D476C6400F2DAE1 /* bloom.caf in Resources */,
				BD151EF71D476C6400F2DAE1 /* chooser-moment-icon-thought-highlighted@2x.png in Resources */,
				BD151EEE1D476C6400F2DAE1 /* chooser-moment-button@2x.png in Resources */,
				BD151EF41D476C6400F2DAE1 /* chooser-moment-icon-place@2x.png in Resources */,
				BD9E252D1D3DB467006C9FD5 /* SkyDemo.entitlements in Resources */,
				BDAE497B1D3CBA6F00689048 /* Main.storyboard in Resources */,
				BD0FC05C1D6AD6A4008EE45D /* Search.storyboard in Resources */,
				BD151EEC1D476C6400F2DAE1 /* chooser-button-tab@2x.png in Resources */,
				BD151EED1D476C6400F2DAE1 /* chooser-moment-button-highlighted@2x.png in Resources */,
				BD151EF91D476C6400F2DAE1 /* Like-Blue@2x.png in Resources */,
				BD151EFA1D476C6400F2DAE1 /* Like@2x.png in Resources */,
				BD151EE91D476C6400F2DAE1 /* chooser-button-input-highlighted@2x.png in Resources */,
				BD151EF81D476C6400F2DAE1 /* chooser-moment-icon-thought@2x.png in Resources */,
			);
			runOnlyForDeploymentPostprocessing = 0;
		};
		BDAE49841D3CBA6F00689048 /* Resources */ = {
			isa = PBXResourcesBuildPhase;
			buildActionMask = 2147483647;
			files = (
			);
			runOnlyForDeploymentPostprocessing = 0;
		};
		BDAE498F1D3CBA6F00689048 /* Resources */ = {
			isa = PBXResourcesBuildPhase;
			buildActionMask = 2147483647;
			files = (
			);
			runOnlyForDeploymentPostprocessing = 0;
		};
/* End PBXResourcesBuildPhase section */

/* Begin PBXShellScriptBuildPhase section */
		5C69E58BE40397C8451EF801 /* [CP] Copy Pods Resources */ = {
			isa = PBXShellScriptBuildPhase;
			buildActionMask = 2147483647;
			files = (
			);
			inputPaths = (
			);
			name = "[CP] Copy Pods Resources";
			outputPaths = (
			);
			runOnlyForDeploymentPostprocessing = 0;
			shellPath = /bin/sh;
			shellScript = "\"${SRCROOT}/Pods/Target Support Files/Pods-SkyDemo/Pods-SkyDemo-resources.sh\"\n";
			showEnvVarsInLog = 0;
		};
		8783EC1E4B6A55B62606B212 /* [CP] Check Pods Manifest.lock */ = {
			isa = PBXShellScriptBuildPhase;
			buildActionMask = 2147483647;
			files = (
			);
			inputPaths = (
			);
			name = "[CP] Check Pods Manifest.lock";
			outputPaths = (
			);
			runOnlyForDeploymentPostprocessing = 0;
			shellPath = /bin/sh;
			shellScript = "diff \"${PODS_ROOT}/../Podfile.lock\" \"${PODS_ROOT}/Manifest.lock\" > /dev/null\nif [ $? != 0 ] ; then\n    # print error to STDERR\n    echo \"error: The sandbox is not in sync with the Podfile.lock. Run 'pod install' or update your CocoaPods installation.\" >&2\n    exit 1\nfi\n";
			showEnvVarsInLog = 0;
		};
		C09DD9099D78AE8A4425BDC8 /* [CP] Embed Pods Frameworks */ = {
			isa = PBXShellScriptBuildPhase;
			buildActionMask = 2147483647;
			files = (
			);
			inputPaths = (
			);
			name = "[CP] Embed Pods Frameworks";
			outputPaths = (
			);
			runOnlyForDeploymentPostprocessing = 0;
			shellPath = /bin/sh;
			shellScript = "\"${SRCROOT}/Pods/Target Support Files/Pods-SkyDemo/Pods-SkyDemo-frameworks.sh\"\n";
			showEnvVarsInLog = 0;
		};
/* End PBXShellScriptBuildPhase section */

/* Begin PBXSourcesBuildPhase section */
		BDAE49691D3CBA6F00689048 /* Sources */ = {
			isa = PBXSourcesBuildPhase;
			buildActionMask = 2147483647;
			files = (
				BD68F05C1D485B37000B77D7 /* UIColor+ImageGetColor.m in Sources */,
				BD151EE71D476C6400F2DAE1 /* DCPathItemButton.m in Sources */,
				BD151EE21D476C6400F2DAE1 /* KeyFrameAnimationController.m in Sources */,
				BD68F05A1D485B37000B77D7 /* PopMenuButton.m in Sources */,
				BD0FC0571D6AD675008EE45D /* SearchViewController.m in Sources */,
				BDFCE98A1D6D83340016107B /* UIImageView+Extra.m in Sources */,
				BD151EE11D476C6400F2DAE1 /* GroupAnimationController.m in Sources */,
				BDC15D401D4611F5003FBBC0 /* PhotoAnimationVC.m in Sources */,
				BD151EDF1D476C6400F2DAE1 /* BaseViewController.m in Sources */,
				BD151EDE1D476C6400F2DAE1 /* BaseAnimationController.m in Sources */,
				BD4C93151D41BDA300AD1359 /* RootWebViewController.m in Sources */,
				BD4F87F81D645C3E00016392 /* rilegouleView.m in Sources */,
				BD151EE61D476C6400F2DAE1 /* DCPathCenterButton.m in Sources */,
				BD4F87F41D645C3E00016392 /* ContentScrollView.m in Sources */,
				BD4C93121D41BD9000AD1359 /* BannerWebVC.m in Sources */,
				BD4F87DC1D64371800016392 /* Sky_HttpRequest.m in Sources */,
				BDED5DC71D546914008FC522 /* ShopListCell.m in Sources */,
				BD8B23C91D3DCEFE007A8211 /* RootTableViewController.m in Sources */,
				BD151F031D476C6400F2DAE1 /* SWRevealViewController.m in Sources */,
				BD151EE31D476C6400F2DAE1 /* TransitionAnimationController.m in Sources */,
				BD8B23CA1D3DCEFE007A8211 /* RootViewController.m in Sources */,
				BD26B0BC1D3DD0E000AB4164 /* UserCenterVC.m in Sources */,
				BD8ED77E1D532618005A20D5 /* SkyTabBarButton.m in Sources */,
				BD151EE81D476C6400F2DAE1 /* DWBubbleMenuButton.m in Sources */,
				BDED5DBC1D5437C7008FC522 /* HBannerItem.m in Sources */,
				BD5247E81E83C53B00FE69E2 /* CustomButtonVC.m in Sources */,
				BD68F05B1D485B37000B77D7 /* PopMenuModel.m in Sources */,
				BD151EE41D476C6400F2DAE1 /* TitleButton.m in Sources */,
				BD8B23C81D3DCEFE007A8211 /* RootTabBarController.m in Sources */,
				BDAE49751D3CBA6F00689048 /* AppDelegate.m in Sources */,
				BD151EFE1D476C6400F2DAE1 /* MCFireworksView.m in Sources */,
				BD0FC05A1D6AD680008EE45D /* DropSearchViewController.m in Sources */,
				BD151EFD1D476C6400F2DAE1 /* MCFireworksButton.m in Sources */,
				BD4C93181D41C3E700AD1359 /* PictureLictVC.m in Sources */,
				BD4F87F71D645C3E00016392 /* ImageContentView.m in Sources */,
				BD4F87E21D64475200016392 /* MovieModel.m in Sources */,
				BD8ED77B1D532562005A20D5 /* SkyTabBarVC.m in Sources */,
				BD151EE51D476C6400F2DAE1 /* DCPathButton.m in Sources */,
				BD151EFC1D476C6400F2DAE1 /* LeftViewController.m in Sources */,
				BD4F87DF1D6442F900016392 /* MovieListCell.m in Sources */,
				BD4F87F61D645C3E00016392 /* CustomView.m in Sources */,
				BDC15D4A1D47385F003FBBC0 /* UIView+Extra.m in Sources */,
				BD151EE01D476C6400F2DAE1 /* ComprehensiveCaseController.m in Sources */,
				BD151EFF1D476C6400F2DAE1 /* RightViewController.m in Sources */,
				BD4F87F51D645C3E00016392 /* ContentView.m in Sources */,
				BD4F87F31D645C3E00016392 /* BlurImageView.m in Sources */,
				BDEFC3A91D61B5BA00BCBEC9 /* CustomAlertView.m in Sources */,
				BD071EF81D5D9D5C00F625B5 /* OMGToast.m in Sources */,
				BD68F0591D485B37000B77D7 /* HyPopMenuView.m in Sources */,
				BDED5DC31D54380A008FC522 /* NSObject+NewBeeNotification.m in Sources */,
				BDAE49721D3CBA6F00689048 /* main.m in Sources */,
				BD26B0BF1D3DD21B00AB4164 /* RootNavigationBar.m in Sources */,
				BDED5DBD1D5437C7008FC522 /* HBannerView.m in Sources */,
				BDC157441D45B007003FBBC0 /* PointsViewController.m in Sources */,
				BD26B0B91D3DD0C400AB4164 /* HomePageVC.m in Sources */,
				BDED5DC41D54380A008FC522 /* NSObject+PerformBlock.m in Sources */,
				BD4F87FB1D64621E00016392 /* ShowMovieViewController.m in Sources */,
				BDABB5CE1D49DB60002E1B43 /* ShopListViewController.m in Sources */,
				BD68F0601D485C5F000B77D7 /* PopViewController.m in Sources */,
				BD8B23CD1D3DCF34007A8211 /* AppDelegate+SkyAppDelegate.m in Sources */,
				BD151EDD1D476C6400F2DAE1 /* AffineTransformController.m in Sources */,
			);
			runOnlyForDeploymentPostprocessing = 0;
		};
		BDAE49821D3CBA6F00689048 /* Sources */ = {
			isa = PBXSourcesBuildPhase;
			buildActionMask = 2147483647;
			files = (
			);
			runOnlyForDeploymentPostprocessing = 0;
		};
		BDAE498D1D3CBA6F00689048 /* Sources */ = {
			isa = PBXSourcesBuildPhase;
			buildActionMask = 2147483647;
			files = (
			);
			runOnlyForDeploymentPostprocessing = 0;
		};
/* End PBXSourcesBuildPhase section */

/* Begin PBXTargetDependency section */
		BDAE49881D3CBA6F00689048 /* PBXTargetDependency */ = {
			isa = PBXTargetDependency;
			target = BDAE496C1D3CBA6F00689048 /* SkyDemo */;
			targetProxy = BDAE49871D3CBA6F00689048 /* PBXContainerItemProxy */;
		};
		BDAE49931D3CBA6F00689048 /* PBXTargetDependency */ = {
			isa = PBXTargetDependency;
			target = BDAE496C1D3CBA6F00689048 /* SkyDemo */;
			targetProxy = BDAE49921D3CBA6F00689048 /* PBXContainerItemProxy */;
		};
/* End PBXTargetDependency section */

/* Begin PBXVariantGroup section */
		BDAE49791D3CBA6F00689048 /* Main.storyboard */ = {
			isa = PBXVariantGroup;
			children = (
				BDAE497A1D3CBA6F00689048 /* Base */,
			);
			name = Main.storyboard;
			sourceTree = "<group>";
		};
		BDAE497E1D3CBA6F00689048 /* LaunchScreen.storyboard */ = {
			isa = PBXVariantGroup;
			children = (
				BDAE497F1D3CBA6F00689048 /* Base */,
			);
			name = LaunchScreen.storyboard;
			sourceTree = "<group>";
		};
/* End PBXVariantGroup section */

/* Begin XCBuildConfiguration section */
		BDAE49981D3CBA6F00689048 /* Debug */ = {
			isa = XCBuildConfiguration;
			buildSettings = {
				ALWAYS_SEARCH_USER_PATHS = NO;
				CLANG_ANALYZER_NONNULL = YES;
				CLANG_CXX_LANGUAGE_STANDARD = "gnu++0x";
				CLANG_CXX_LIBRARY = "libc++";
				CLANG_ENABLE_MODULES = YES;
				CLANG_ENABLE_OBJC_ARC = YES;
				CLANG_WARN_BOOL_CONVERSION = YES;
				CLANG_WARN_CONSTANT_CONVERSION = YES;
				CLANG_WARN_DIRECT_OBJC_ISA_USAGE = YES_ERROR;
				CLANG_WARN_EMPTY_BODY = YES;
				CLANG_WARN_ENUM_CONVERSION = YES;
				CLANG_WARN_INT_CONVERSION = YES;
				CLANG_WARN_OBJC_ROOT_CLASS = YES_ERROR;
				CLANG_WARN_UNREACHABLE_CODE = YES;
				CLANG_WARN__DUPLICATE_METHOD_MATCH = YES;
				"CODE_SIGN_IDENTITY[sdk=iphoneos*]" = "iPhone Developer";
				COPY_PHASE_STRIP = NO;
				DEBUG_INFORMATION_FORMAT = dwarf;
				ENABLE_STRICT_OBJC_MSGSEND = YES;
				ENABLE_TESTABILITY = YES;
				GCC_C_LANGUAGE_STANDARD = gnu99;
				GCC_DYNAMIC_NO_PIC = NO;
				GCC_NO_COMMON_BLOCKS = YES;
				GCC_OPTIMIZATION_LEVEL = 0;
				GCC_PREPROCESSOR_DEFINITIONS = (
					"DEBUG=1",
					"$(inherited)",
				);
				GCC_SYMBOLS_PRIVATE_EXTERN = NO;
				GCC_WARN_64_TO_32_BIT_CONVERSION = YES;
				GCC_WARN_ABOUT_RETURN_TYPE = YES_ERROR;
				GCC_WARN_UNDECLARED_SELECTOR = YES;
				GCC_WARN_UNINITIALIZED_AUTOS = YES_AGGRESSIVE;
				GCC_WARN_UNUSED_FUNCTION = YES;
				GCC_WARN_UNUSED_VARIABLE = YES;
				IPHONEOS_DEPLOYMENT_TARGET = 9.3;
				MTL_ENABLE_DEBUG_INFO = YES;
				ONLY_ACTIVE_ARCH = YES;
				SDKROOT = iphoneos;
				TARGETED_DEVICE_FAMILY = "1,2";
			};
			name = Debug;
		};
		BDAE49991D3CBA6F00689048 /* Release */ = {
			isa = XCBuildConfiguration;
			buildSettings = {
				ALWAYS_SEARCH_USER_PATHS = NO;
				CLANG_ANALYZER_NONNULL = YES;
				CLANG_CXX_LANGUAGE_STANDARD = "gnu++0x";
				CLANG_CXX_LIBRARY = "libc++";
				CLANG_ENABLE_MODULES = YES;
				CLANG_ENABLE_OBJC_ARC = YES;
				CLANG_WARN_BOOL_CONVERSION = YES;
				CLANG_WARN_CONSTANT_CONVERSION = YES;
				CLANG_WARN_DIRECT_OBJC_ISA_USAGE = YES_ERROR;
				CLANG_WARN_EMPTY_BODY = YES;
				CLANG_WARN_ENUM_CONVERSION = YES;
				CLANG_WARN_INT_CONVERSION = YES;
				CLANG_WARN_OBJC_ROOT_CLASS = YES_ERROR;
				CLANG_WARN_UNREACHABLE_CODE = YES;
				CLANG_WARN__DUPLICATE_METHOD_MATCH = YES;
				"CODE_SIGN_IDENTITY[sdk=iphoneos*]" = "iPhone Developer";
				COPY_PHASE_STRIP = NO;
				DEBUG_INFORMATION_FORMAT = "dwarf-with-dsym";
				ENABLE_NS_ASSERTIONS = NO;
				ENABLE_STRICT_OBJC_MSGSEND = YES;
				GCC_C_LANGUAGE_STANDARD = gnu99;
				GCC_NO_COMMON_BLOCKS = YES;
				GCC_WARN_64_TO_32_BIT_CONVERSION = YES;
				GCC_WARN_ABOUT_RETURN_TYPE = YES_ERROR;
				GCC_WARN_UNDECLARED_SELECTOR = YES;
				GCC_WARN_UNINITIALIZED_AUTOS = YES_AGGRESSIVE;
				GCC_WARN_UNUSED_FUNCTION = YES;
				GCC_WARN_UNUSED_VARIABLE = YES;
				IPHONEOS_DEPLOYMENT_TARGET = 9.3;
				MTL_ENABLE_DEBUG_INFO = NO;
				SDKROOT = iphoneos;
				TARGETED_DEVICE_FAMILY = "1,2";
				VALIDATE_PRODUCT = YES;
			};
			name = Release;
		};
		BDAE499B1D3CBA6F00689048 /* Debug */ = {
			isa = XCBuildConfiguration;
			baseConfigurationReference = 97AD886BA21C3657F0BCDED1 /* Pods-SkyDemo.debug.xcconfig */;
			buildSettings = {
				ASSETCATALOG_COMPILER_APPICON_NAME = AppIcon;
				CODE_SIGN_ENTITLEMENTS = SkyDemo/SkyDemo.entitlements;
				ENABLE_BITCODE = NO;
				GCC_PREFIX_HEADER = "$(SRCROOT)/$(PROJECT_NAME)/Utilities/PrefixHeader.pch";
				GCC_SYMBOLS_PRIVATE_EXTERN = NO;
				INFOPLIST_FILE = SkyDemo/Info.plist;
				IPHONEOS_DEPLOYMENT_TARGET = 8.4;
				LD_RUNPATH_SEARCH_PATHS = "$(inherited) @executable_path/Frameworks";
				PRODUCT_BUNDLE_IDENTIFIER = Sky.SkyDemo;
				PRODUCT_NAME = "$(TARGET_NAME)";
			};
			name = Debug;
		};
		BDAE499C1D3CBA6F00689048 /* Release */ = {
			isa = XCBuildConfiguration;
			baseConfigurationReference = 6E5CF5DC18839B3B39B45A93 /* Pods-SkyDemo.release.xcconfig */;
			buildSettings = {
				ASSETCATALOG_COMPILER_APPICON_NAME = AppIcon;
				CODE_SIGN_ENTITLEMENTS = SkyDemo/SkyDemo.entitlements;
				ENABLE_BITCODE = NO;
				GCC_PREFIX_HEADER = "$(SRCROOT)/$(PROJECT_NAME)/Utilities/PrefixHeader.pch";
				INFOPLIST_FILE = SkyDemo/Info.plist;
				IPHONEOS_DEPLOYMENT_TARGET = 8.4;
				LD_RUNPATH_SEARCH_PATHS = "$(inherited) @executable_path/Frameworks";
				PRODUCT_BUNDLE_IDENTIFIER = Sky.SkyDemo;
				PRODUCT_NAME = "$(TARGET_NAME)";
			};
			name = Release;
		};
		BDAE499E1D3CBA6F00689048 /* Debug */ = {
			isa = XCBuildConfiguration;
			buildSettings = {
				BUNDLE_LOADER = "$(TEST_HOST)";
				GCC_SYMBOLS_PRIVATE_EXTERN = NO;
				INFOPLIST_FILE = SkyDemoTests/Info.plist;
				LD_RUNPATH_SEARCH_PATHS = "$(inherited) @executable_path/Frameworks @loader_path/Frameworks";
				PRODUCT_BUNDLE_IDENTIFIER = Sky.SkyDemoTests;
				PRODUCT_NAME = "$(TARGET_NAME)";
				TEST_HOST = "$(BUILT_PRODUCTS_DIR)/SkyDemo.app/SkyDemo";
			};
			name = Debug;
		};
		BDAE499F1D3CBA6F00689048 /* Release */ = {
			isa = XCBuildConfiguration;
			buildSettings = {
				BUNDLE_LOADER = "$(TEST_HOST)";
				INFOPLIST_FILE = SkyDemoTests/Info.plist;
				LD_RUNPATH_SEARCH_PATHS = "$(inherited) @executable_path/Frameworks @loader_path/Frameworks";
				PRODUCT_BUNDLE_IDENTIFIER = Sky.SkyDemoTests;
				PRODUCT_NAME = "$(TARGET_NAME)";
				TEST_HOST = "$(BUILT_PRODUCTS_DIR)/SkyDemo.app/SkyDemo";
			};
			name = Release;
		};
		BDAE49A11D3CBA6F00689048 /* Debug */ = {
			isa = XCBuildConfiguration;
			buildSettings = {
				GCC_SYMBOLS_PRIVATE_EXTERN = NO;
				INFOPLIST_FILE = SkyDemoUITests/Info.plist;
				LD_RUNPATH_SEARCH_PATHS = "$(inherited) @executable_path/Frameworks @loader_path/Frameworks";
				PRODUCT_BUNDLE_IDENTIFIER = Sky.SkyDemoUITests;
				PRODUCT_NAME = "$(TARGET_NAME)";
				TEST_TARGET_NAME = SkyDemo;
			};
			name = Debug;
		};
		BDAE49A21D3CBA6F00689048 /* Release */ = {
			isa = XCBuildConfiguration;
			buildSettings = {
				INFOPLIST_FILE = SkyDemoUITests/Info.plist;
				LD_RUNPATH_SEARCH_PATHS = "$(inherited) @executable_path/Frameworks @loader_path/Frameworks";
				PRODUCT_BUNDLE_IDENTIFIER = Sky.SkyDemoUITests;
				PRODUCT_NAME = "$(TARGET_NAME)";
				TEST_TARGET_NAME = SkyDemo;
			};
			name = Release;
		};
/* End XCBuildConfiguration section */

/* Begin XCConfigurationList section */
		BDAE49681D3CBA6F00689048 /* Build configuration list for PBXProject "SkyDemo" */ = {
			isa = XCConfigurationList;
			buildConfigurations = (
				BDAE49981D3CBA6F00689048 /* Debug */,
				BDAE49991D3CBA6F00689048 /* Release */,
			);
			defaultConfigurationIsVisible = 0;
			defaultConfigurationName = Release;
		};
		BDAE499A1D3CBA6F00689048 /* Build configuration list for PBXNativeTarget "SkyDemo" */ = {
			isa = XCConfigurationList;
			buildConfigurations = (
				BDAE499B1D3CBA6F00689048 /* Debug */,
				BDAE499C1D3CBA6F00689048 /* Release */,
			);
			defaultConfigurationIsVisible = 0;
			defaultConfigurationName = Release;
		};
		BDAE499D1D3CBA6F00689048 /* Build configuration list for PBXNativeTarget "SkyDemoTests" */ = {
			isa = XCConfigurationList;
			buildConfigurations = (
				BDAE499E1D3CBA6F00689048 /* Debug */,
				BDAE499F1D3CBA6F00689048 /* Release */,
			);
			defaultConfigurationIsVisible = 0;
			defaultConfigurationName = Release;
		};
		BDAE49A01D3CBA6F00689048 /* Build configuration list for PBXNativeTarget "SkyDemoUITests" */ = {
			isa = XCConfigurationList;
			buildConfigurations = (
				BDAE49A11D3CBA6F00689048 /* Debug */,
				BDAE49A21D3CBA6F00689048 /* Release */,
			);
			defaultConfigurationIsVisible = 0;
			defaultConfigurationName = Release;
		};
/* End XCConfigurationList section */
	};
	rootObject = BDAE49651D3CBA6F00689048 /* Project object */;
}
